PODS:
  - ActionSheetPicker-3.0 (2.3.1)
  - AEAccordion (2.1.1)
  - Alamofire (4.9.1)
  - AlamofireImage (3.6.0):
    - Alamofire (~> 4.9)
  - Bolts (1.9.0):
    - Bolts/AppLinks (= 1.9.0)
    - Bolts/Tasks (= 1.9.0)
  - Bolts/AppLinks (1.9.0):
    - Bolts/Tasks
  - Bolts/Tasks (1.9.0)
  - Braintree (4.30.2):
    - Braintree/Card (= 4.30.2)
    - Braintree/Core (= 4.30.2)
    - Braintree/PayPal (= 4.30.2)
    - Braintree/UI (= 4.30.2)
  - Braintree/Card (4.30.2):
    - Braintree/Core
  - Braintree/Core (4.30.2)
  - Braintree/PayPal (4.30.2):
    - Braintree/Core
    - Braintree/PayPalOneTouch
  - Braintree/PayPalDataCollector (4.30.2):
    - Braintree/Core
    - Braintree/PayPalUtils
  - Braintree/PayPalOneTouch (4.30.2):
    - Braintree/Core
    - Braintree/PayPalDataCollector
    - Braintree/PayPalUtils
  - Braintree/PayPalUtils (4.30.2)
  - Braintree/UI (4.30.2):
    - Braintree/Card
    - Braintree/Core
  - CryptoSwift (0.15.0)
  - FacebookCore (0.5.0):
    - Bolts (~> 1.9)
    - FBSDKCoreKit (~> 4.37)
  - FacebookLogin (0.5.0):
    - Bolts (~> 1.9)
    - FacebookCore (~> 0.5)
    - FBSDKCoreKit (~> 4.37)
    - FBSDKLoginKit (~> 4.37)
  - FacebookShare (0.5.0):
    - Bolts (~> 1.9)
    - FacebookCore (~> 0.5)
    - FBSDKCoreKit (~> 4.37)
    - FBSDKShareKit (~> 4.37)
  - FBSDKCoreKit (4.38.1):
    - Bolts (~> 1.9)
  - FBSDKLoginKit (4.38.1):
    - FBSDKCoreKit
  - FBSDKShareKit (4.38.1):
    - FBSDKCoreKit
  - JTAppleCalendar (7.1.8)
  - M13Checkbox (3.4.0)
  - PusherSwift (7.2.0):
    - CryptoSwift (~> 0.9)
    - ReachabilitySwift (= 4.3.0)
    - Starscream (~> 3.0.5)
  - PushNotifications (2.1.2)
  - ReachabilitySwift (4.3.0)
  - SCLAlertView (0.8)
  - Starscream (3.0.6)
  - SwiftKeychainWrapper (3.4.0)
  - SwiftLocation (4.2.0)

DEPENDENCIES:
  - ActionSheetPicker-3.0 (~> 2.3.0)
  - AEAccordion
  - Alamofire (~> 4.8)
  - AlamofireImage (~> 3.5)
  - Braintree
  - FacebookCore (~> 0.5.0)
  - FacebookLogin (~> 0.5.0)
  - FacebookShare (~> 0.5.0)
  - FBSDKCoreKit (~> 4.38.0)
  - FBSDKLoginKit (~> 4.38.0)
  - FBSDKShareKit (~> 4.38.0)
  - JTAppleCalendar (~> 7.1)
  - M13Checkbox
  - PusherSwift (~> 7.2)
  - PushNotifications (~> 2.1.2)
  - SCLAlertView
  - SwiftKeychainWrapper
  - SwiftLocation

SPEC REPOS:
  trunk:
    - ActionSheetPicker-3.0
    - AEAccordion
    - Alamofire
    - AlamofireImage
    - Bolts
    - Braintree
    - CryptoSwift
    - FacebookCore
    - FacebookLogin
    - FacebookShare
    - FBSDKCoreKit
    - FBSDKLoginKit
    - FBSDKShareKit
    - JTAppleCalendar
    - M13Checkbox
    - PusherSwift
    - PushNotifications
    - ReachabilitySwift
    - SCLAlertView
    - Starscream
    - SwiftKeychainWrapper
    - SwiftLocation

SPEC CHECKSUMS:
  ActionSheetPicker-3.0: 2f5e3fde6b3205a7318f9338e4ec0f373ce7e75c
  AEAccordion: 8dbe0aa4af3873e684f7542376f852c3c39ba599
  Alamofire: 85e8a02c69d6020a0d734f6054870d7ecb75cf18
  AlamofireImage: be9963c6582d68b39e89191f64c82a7d7bf40fdd
  Bolts: ac6567323eac61e203f6a9763667d0f711be34c8
  Braintree: 9fc21dc2ead57d104c4a0743454308e404217ec7
  CryptoSwift: 769f58a9e89f64e8796c2e59ce5f002dc81a2438
  FacebookCore: 74288d0add931d361b1596beae787ab72c438249
  FacebookLogin: ebcf34714a1cb9f0759d9f071cfb01ed500996cf
  FacebookShare: 963b4bb1124a64a395b1e428163d70b5774116e8
  FBSDKCoreKit: 8d47857400e2f5bdea697a80daff882e91c84ef6
  FBSDKLoginKit: 4621c690d9dd8628031a4791497062183ea34b0d
  FBSDKShareKit: 6ffe22f0a0618eb7424d4104ab0ef3ce9643d42a
  JTAppleCalendar: b7fb40852f5f319fe55c8ec3861f1de0edc99cc8
  M13Checkbox: 6f59404540ac98ba83a3d1afac335895a40c6a5d
  PusherSwift: a5369a01e8a9106b4897e9186265af1426726062
  PushNotifications: 3d1ac73f4e1e9dc3de8fa8319e3e53bd00be47dc
  ReachabilitySwift: 408477d1b6ed9779dba301953171e017c31241f3
  SCLAlertView: 6a77bb2edfc65e04dbe57725546cb4107a506b85
  Starscream: ef3ece99d765eeccb67de105bfa143f929026cf5
  SwiftKeychainWrapper: 6fc49fbf7d4a6b0772917acb0e53a1639f6078d6
  SwiftLocation: 609ac8859f2c5d48a6cadd2a58c63b1dae02dc25

PODFILE CHECKSUM: 8e84a660ae54e30dc7c220ec451918f15c71589a

COCOAPODS: 1.8.4
