PODS:
  - AEAccordion (2.1.1)
  - Alamofire (4.8.2)
  - AlamofireImage (3.5.2):
    - Alamofire (~> 4.8)
  - Bolts (1.9.0):
    - Bolts/AppLinks (= 1.9.0)
    - Bolts/Tasks (= 1.9.0)
  - Bolts/AppLinks (1.9.0):
    - Bolts/Tasks
  - Bolts/Tasks (1.9.0)
  - Braintree (4.23.1):
    - Braintree/Card (= 4.23.1)
    - Braintree/Core (= 4.23.1)
    - Braintree/PayPal (= 4.23.1)
    - Braintree/UI (= 4.23.1)
  - Braintree/Card (4.23.1):
    - Braintree/Core
  - Braintree/Core (4.23.1)
  - Braintree/PayPal (4.23.1):
    - Braintree/Core
    - Braintree/PayPalOneTouch
  - Braintree/PayPalDataCollector (4.23.1):
    - Braintree/Core
    - Braintree/PayPalUtils
  - Braintree/PayPalOneTouch (4.23.1):
    - Braintree/Core
    - Braintree/PayPalDataCollector
    - Braintree/PayPalUtils
  - Braintree/PayPalUtils (4.23.1)
  - Braintree/UI (4.23.1):
    - Braintree/Card
    - Braintree/Core
  - FacebookCore (0.5.0):
    - Bolts (~> 1.9)
    - FBSDKCoreKit (~> 4.37)
  - FacebookLogin (0.5.0):
    - Bolts (~> 1.9)
    - FacebookCore (~> 0.5)
    - FBSDKCoreKit (~> 4.37)
    - FBSDKLoginKit (~> 4.37)
  - FacebookShare (0.5.0):
    - Bolts (~> 1.9)
    - FacebookCore (~> 0.5)
    - FBSDKCoreKit (~> 4.37)
    - FBSDKShareKit (~> 4.37)
  - FBSDKCoreKit (4.38.1):
    - Bolts (~> 1.9)
  - FBSDKLoginKit (4.38.1):
    - FBSDKCoreKit
  - FBSDKShareKit (4.38.1):
    - FBSDKCoreKit
  - JTAppleCalendar (7.1.7)
  - SCLAlertView (0.8)
  - SwiftKeychainWrapper (3.4.0)
  - SwiftLocation (3.2.3):
    - SwiftyJSON (~> 4.0.0-alpha.1)
  - SwiftyJSON (4.0.0)

DEPENDENCIES:
  - AEAccordion
  - Alamofire (~> 4.8)
  - AlamofireImage (~> 3.5)
  - Braintree
  - FacebookCore (~> 0.5.0)
  - FacebookLogin (~> 0.5.0)
  - FacebookShare (~> 0.5.0)
  - FBSDKCoreKit (~> 4.38.0)
  - FBSDKLoginKit (~> 4.38.0)
  - FBSDKShareKit (~> 4.38.0)
  - JTAppleCalendar (~> 7.1)
  - SCLAlertView
  - SwiftKeychainWrapper
  - SwiftLocation

SPEC REPOS:
  https://github.com/cocoapods/specs.git:
    - AEAccordion
    - Alamofire
    - AlamofireImage
    - Bolts
    - Braintree
    - FacebookCore
    - FacebookLogin
    - FacebookShare
    - FBSDKCoreKit
    - FBSDKLoginKit
    - FBSDKShareKit
    - JTAppleCalendar
    - SCLAlertView
    - SwiftKeychainWrapper
    - SwiftLocation
    - SwiftyJSON

SPEC CHECKSUMS:
  AEAccordion: 8dbe0aa4af3873e684f7542376f852c3c39ba599
  Alamofire: ae5c501addb7afdbb13687d7f2f722c78734c2d3
  AlamofireImage: 63cfe3baf1370be6c498149687cf6db3e3b00999
  Bolts: ac6567323eac61e203f6a9763667d0f711be34c8
  Braintree: 21588ab236be1d1c68591f6a241658456d23aad0
  FacebookCore: 74288d0add931d361b1596beae787ab72c438249
  FacebookLogin: ebcf34714a1cb9f0759d9f071cfb01ed500996cf
  FacebookShare: 963b4bb1124a64a395b1e428163d70b5774116e8
  FBSDKCoreKit: 8d47857400e2f5bdea697a80daff882e91c84ef6
  FBSDKLoginKit: 4621c690d9dd8628031a4791497062183ea34b0d
  FBSDKShareKit: 6ffe22f0a0618eb7424d4104ab0ef3ce9643d42a
  JTAppleCalendar: 96da4d8388fa6dc82d6a60d41ef36a015e167e2f
  SCLAlertView: 6a77bb2edfc65e04dbe57725546cb4107a506b85
  SwiftKeychainWrapper: 6fc49fbf7d4a6b0772917acb0e53a1639f6078d6
  SwiftLocation: a3c3bc2023118171ef3572188a31def94aa0892c
  SwiftyJSON: 070dabdcb1beb81b247c65ffa3a79dbbfb3b48aa

PODFILE CHECKSUM: 650ad644afe47e81f081b8eeda6baf8c51822f51

COCOAPODS: 1.7.2
