// !$*UTF8*$!
{
	archiveVersion = 1;
	classes = {
	};
	objectVersion = 48;
	objects = {

/* Begin PBXBuildFile section */
		11F91453F3412F761A8CBD19 /* libPods-musicprofTests.a in Frameworks */ = {isa = PBXBuildFile; fileRef = 4AF714FBEDDAEBE65E173A2A /* libPods-musicprofTests.a */; };
		15588081209BB753003DC16A /* PackagesViewController.swift in Sources */ = {isa = PBXBuildFile; fileRef = 15588080209BB753003DC16A /* PackagesViewController.swift */; };
		18F3B0C6C9FD26CAF18EF54A /* libPods-musicprofUITests.a in Frameworks */ = {isa = PBXBuildFile; fileRef = 75154C0B7B893B2085E3E130 /* libPods-musicprofUITests.a */; };
		530591E522CCF07E00905D71 /* ImageImporter.swift in Sources */ = {isa = PBXBuildFile; fileRef = 530591E422CCF07E00905D71 /* ImageImporter.swift */; };
		5305F99622C4E950002284EF /* UIView.swift in Sources */ = {isa = PBXBuildFile; fileRef = 5305F99522C4E950002284EF /* UIView.swift */; };
		530A63E222DF7C5D00E8B98D /* OldReservationsViewController.swift in Sources */ = {isa = PBXBuildFile; fileRef = 530A63E122DF7C5D00E8B98D /* OldReservationsViewController.swift */; };
		530B852722DB16680021C70E /* ProfessorProfile.storyboard in Resources */ = {isa = PBXBuildFile; fileRef = 530B852622DB16680021C70E /* ProfessorProfile.storyboard */; };
		530B852922DB18BB0021C70E /* ProfessorClasses.storyboard in Resources */ = {isa = PBXBuildFile; fileRef = 530B852822DB18BB0021C70E /* ProfessorClasses.storyboard */; };
		530B852B22DB1B5B0021C70E /* ProfessorClassListViewController.swift in Sources */ = {isa = PBXBuildFile; fileRef = 530B852A22DB1B5B0021C70E /* ProfessorClassListViewController.swift */; };
		530B852D22DB3B9E0021C70E /* ClientCell.swift in Sources */ = {isa = PBXBuildFile; fileRef = 530B852C22DB3B9E0021C70E /* ClientCell.swift */; };
		530D035A22E0B615000D07A9 /* UIToolbar.swift in Sources */ = {isa = PBXBuildFile; fileRef = 530D035922E0B614000D07A9 /* UIToolbar.swift */; };
		530DB8C922DCDBB800D82378 /* ClassRequest.swift in Sources */ = {isa = PBXBuildFile; fileRef = 530DB8C822DCDBB800D82378 /* ClassRequest.swift */; };
		530DB8CD22DCEB5000D82378 /* ClassController.swift in Sources */ = {isa = PBXBuildFile; fileRef = 530DB8CC22DCEB5000D82378 /* ClassController.swift */; };
		530F8A78229A1656000AFC86 /* RootViewController.swift in Sources */ = {isa = PBXBuildFile; fileRef = 530F8A77229A1656000AFC86 /* RootViewController.swift */; };
		530F8A7A229B773A000AFC86 /* UIViewController.swift in Sources */ = {isa = PBXBuildFile; fileRef = 530F8A79229B773A000AFC86 /* UIViewController.swift */; };
		530FC53522DDFF4B000BD490 /* TitleView.xib in Resources */ = {isa = PBXBuildFile; fileRef = 530FC53422DDFF4B000BD490 /* TitleView.xib */; };
		530FC53722DE0093000BD490 /* TitleView.swift in Sources */ = {isa = PBXBuildFile; fileRef = 530FC53622DE0093000BD490 /* TitleView.swift */; };
		53108F6022DDA7D90030C155 /* ClassSchedulingViewController.swift in Sources */ = {isa = PBXBuildFile; fileRef = 53108F5F22DDA7D90030C155 /* ClassSchedulingViewController.swift */; };
		53130DC822D06DF3008B06B2 /* ProfileSection.swift in Sources */ = {isa = PBXBuildFile; fileRef = 53130DC722D06DF3008B06B2 /* ProfileSection.swift */; };
		531EA0F022E5ABB600FE9E77 /* ContactInfoUpdateViewController.swift in Sources */ = {isa = PBXBuildFile; fileRef = 531EA0EF22E5ABB600FE9E77 /* ContactInfoUpdateViewController.swift */; };
		531FC38422D627B700BDDFCF /* Message.swift in Sources */ = {isa = PBXBuildFile; fileRef = 531FC38322D627B700BDDFCF /* Message.swift */; };
		531FDF9422DD007E00DD1439 /* ClassInstrumentSelectionViewController.swift in Sources */ = {isa = PBXBuildFile; fileRef = 531FDF9322DD007E00DD1439 /* ClassInstrumentSelectionViewController.swift */; };
		531FDF9622DD01D200DD1439 /* ClassCalendarViewController.swift in Sources */ = {isa = PBXBuildFile; fileRef = 531FDF9522DD01D200DD1439 /* ClassCalendarViewController.swift */; };
		5327962222CCBE2C0085FAFD /* Maps.storyboard in Resources */ = {isa = PBXBuildFile; fileRef = 5327962122CCBE2C0085FAFD /* Maps.storyboard */; };
		532CC89C22C50D3F00FB1822 /* TransparentButton.swift in Sources */ = {isa = PBXBuildFile; fileRef = 532CC89B22C50D3F00FB1822 /* TransparentButton.swift */; };
		5332FBB822C91645000BF4B0 /* ProfileUpdateViewController.swift in Sources */ = {isa = PBXBuildFile; fileRef = 5332FBB722C91645000BF4B0 /* ProfileUpdateViewController.swift */; };
		5332FBBA22C917F9000BF4B0 /* CustomTabController.swift in Sources */ = {isa = PBXBuildFile; fileRef = 5332FBB922C917F9000BF4B0 /* CustomTabController.swift */; };
		5333E96022C0E3FD00175995 /* ProfessorCell.swift in Sources */ = {isa = PBXBuildFile; fileRef = 5333E95F22C0E3FD00175995 /* ProfessorCell.swift */; };
		5333E96222C0E46500175995 /* ProfessorListViewController.swift in Sources */ = {isa = PBXBuildFile; fileRef = 5333E96122C0E46500175995 /* ProfessorListViewController.swift */; };
		5333E96422C0EAAB00175995 /* Professor.swift in Sources */ = {isa = PBXBuildFile; fileRef = 5333E96322C0EAAB00175995 /* Professor.swift */; };
		5333E96622C0EF9600175995 /* ReservationRequest.swift in Sources */ = {isa = PBXBuildFile; fileRef = 5333E96522C0EF9600175995 /* ReservationRequest.swift */; };
		5333E96922C0F78900175995 /* ReservationController.swift in Sources */ = {isa = PBXBuildFile; fileRef = 5333E96822C0F78900175995 /* ReservationController.swift */; };
		5333E96B22C0F8FC00175995 /* BaseReservationViewController.swift in Sources */ = {isa = PBXBuildFile; fileRef = 5333E96A22C0F8FC00175995 /* BaseReservationViewController.swift */; };
		5333E96D22C0FD4E00175995 /* ContainerViewController.swift in Sources */ = {isa = PBXBuildFile; fileRef = 5333E96C22C0FD4E00175995 /* ContainerViewController.swift */; };
		5333E96F22C0FDE500175995 /* NestedController.swift in Sources */ = {isa = PBXBuildFile; fileRef = 5333E96E22C0FDE500175995 /* NestedController.swift */; };
		5336832022D3A98800C702D6 /* User.swift in Sources */ = {isa = PBXBuildFile; fileRef = 5336831F22D3A98800C702D6 /* User.swift */; };
		533E63F822C8BE0B007EE029 /* ToggleButton.xib in Resources */ = {isa = PBXBuildFile; fileRef = 533E63F722C8BE0B007EE029 /* ToggleButton.xib */; };
		533E63FA22C8BE43007EE029 /* ToggleButton.swift in Sources */ = {isa = PBXBuildFile; fileRef = 533E63F922C8BE43007EE029 /* ToggleButton.swift */; };
		533E63FC22C8CA76007EE029 /* ClientProfile.storyboard in Resources */ = {isa = PBXBuildFile; fileRef = 533E63FB22C8CA76007EE029 /* ClientProfile.storyboard */; };
		53459CF722D4B3120007ECE6 /* MultiformEncodable.swift in Sources */ = {isa = PBXBuildFile; fileRef = 53459CF622D4B3120007ECE6 /* MultiformEncodable.swift */; };
		534F1D4C22BFBFFB009249FC /* AddStudentsViewController.swift in Sources */ = {isa = PBXBuildFile; fileRef = 534F1D4B22BFBFFB009249FC /* AddStudentsViewController.swift */; };
		534F1D4E22BFC043009249FC /* StudentCell.swift in Sources */ = {isa = PBXBuildFile; fileRef = 534F1D4D22BFC043009249FC /* StudentCell.swift */; };
		5352020722D9EE1F0037D95C /* BaseNestedViewController.swift in Sources */ = {isa = PBXBuildFile; fileRef = 5352020622D9EE1F0037D95C /* BaseNestedViewController.swift */; };
		5357A5DC22D4928000936FA6 /* Professors.storyboard in Resources */ = {isa = PBXBuildFile; fileRef = 5357A5DB22D4928000936FA6 /* Professors.storyboard */; };
		5357A5DE22D494C000936FA6 /* LoginController.swift in Sources */ = {isa = PBXBuildFile; fileRef = 5357A5DD22D494C000936FA6 /* LoginController.swift */; };
		5357A5E022D49B4300936FA6 /* ClientUpdateViewController.swift in Sources */ = {isa = PBXBuildFile; fileRef = 5357A5DF22D49B4300936FA6 /* ClientUpdateViewController.swift */; };
		5357A5E222D49B5A00936FA6 /* ProfessorUpdateViewController.swift in Sources */ = {isa = PBXBuildFile; fileRef = 5357A5E122D49B5A00936FA6 /* ProfessorUpdateViewController.swift */; };
		53616E6C22CBAF6800B36549 /* PasswordUpdateViewController.swift in Sources */ = {isa = PBXBuildFile; fileRef = 53616E6B22CBAF6800B36549 /* PasswordUpdateViewController.swift */; };
		5364C6C022CFB3140052E6FA /* SubaccountListViewController.swift in Sources */ = {isa = PBXBuildFile; fileRef = 5364C6BF22CFB3140052E6FA /* SubaccountListViewController.swift */; };
		5366CFD922CC9B4400FFDEE2 /* Reservation.swift in Sources */ = {isa = PBXBuildFile; fileRef = 5366CFD822CC9B4400FFDEE2 /* Reservation.swift */; };
		536752C122C5E19B00DA1590 /* SubaccountSelectionViewController.swift in Sources */ = {isa = PBXBuildFile; fileRef = 536752C022C5E19B00DA1590 /* SubaccountSelectionViewController.swift */; };
		536C704122C1F30A00E217FF /* UINavigationController.swift in Sources */ = {isa = PBXBuildFile; fileRef = 536C704022C1F30A00E217FF /* UINavigationController.swift */; };
		536F8A5A22C6510D0061CF17 /* PasswordResetViewController.swift in Sources */ = {isa = PBXBuildFile; fileRef = 536F8A5922C6510D0061CF17 /* PasswordResetViewController.swift */; };
		537D421122D60CD50011A504 /* ChatViewController.swift in Sources */ = {isa = PBXBuildFile; fileRef = 537D421022D60CD50011A504 /* ChatViewController.swift */; };
		537D421322D60FE00011A504 /* MessageCell.swift in Sources */ = {isa = PBXBuildFile; fileRef = 537D421222D60FE00011A504 /* MessageCell.swift */; };
		5380312C22CE42570016175E /* ClientClassListViewController.swift in Sources */ = {isa = PBXBuildFile; fileRef = 5380312B22CE42570016175E /* ClientClassListViewController.swift */; };
		5380312E22CE44ED0016175E /* ClientClasses.storyboard in Resources */ = {isa = PBXBuildFile; fileRef = 5380312D22CE44ED0016175E /* ClientClasses.storyboard */; };
		53907E0B22B1983300314EC8 /* InstrumentCell.swift in Sources */ = {isa = PBXBuildFile; fileRef = 53907E0A22B1983300314EC8 /* InstrumentCell.swift */; };
		53907E0D22B19EC700314EC8 /* Instrument.swift in Sources */ = {isa = PBXBuildFile; fileRef = 53907E0C22B19EC700314EC8 /* Instrument.swift */; };
		5393EB7322C7CC5C00C47E77 /* Payment.storyboard in Resources */ = {isa = PBXBuildFile; fileRef = 5393EB7222C7CC5C00C47E77 /* Payment.storyboard */; };
		5393EB7522C7CD4600C47E77 /* MenuViewController.swift in Sources */ = {isa = PBXBuildFile; fileRef = 5393EB7422C7CD4600C47E77 /* MenuViewController.swift */; };
		5393EB7722C7DC3200C47E77 /* Package.swift in Sources */ = {isa = PBXBuildFile; fileRef = 5393EB7622C7DC3200C47E77 /* Package.swift */; };
		5393EB7922C7EEF700C47E77 /* PackageCell.swift in Sources */ = {isa = PBXBuildFile; fileRef = 5393EB7822C7EEF700C47E77 /* PackageCell.swift */; };
		539C80B722C4C621009D8469 /* FilsonProBlack-Black.otf in Resources */ = {isa = PBXBuildFile; fileRef = 539C80AE22C4C5B2009D8469 /* FilsonProBlack-Black.otf */; };
		539C80B822C4C621009D8469 /* FilsonProBlackItalic-Italic.otf in Resources */ = {isa = PBXBuildFile; fileRef = 539C80AB22C4C5AF009D8469 /* FilsonProBlackItalic-Italic.otf */; };
		539C80B922C4C621009D8469 /* FilsonProBold-Bold.otf in Resources */ = {isa = PBXBuildFile; fileRef = 539C80B622C4C5B9009D8469 /* FilsonProBold-Bold.otf */; };
		539C80BA22C4C621009D8469 /* FilsonProBoldItalic-Italic.otf in Resources */ = {isa = PBXBuildFile; fileRef = 539C80B422C4C5B7009D8469 /* FilsonProBoldItalic-Italic.otf */; };
		539C80BB22C4C621009D8469 /* FilsonProBook-Book.otf in Resources */ = {isa = PBXBuildFile; fileRef = 539C80B322C4C5B6009D8469 /* FilsonProBook-Book.otf */; };
		539C80BC22C4C621009D8469 /* FilsonProBookItalic-Italic.otf in Resources */ = {isa = PBXBuildFile; fileRef = 539C80B522C4C5B8009D8469 /* FilsonProBookItalic-Italic.otf */; };
		539C80BD22C4C621009D8469 /* FilsonProHeavy-Heavy.otf in Resources */ = {isa = PBXBuildFile; fileRef = 539C80AC22C4C5B0009D8469 /* FilsonProHeavy-Heavy.otf */; };
		539C80BE22C4C621009D8469 /* FilsonProHeavyItalic-Italic.otf in Resources */ = {isa = PBXBuildFile; fileRef = 539C80A822C4C5AD009D8469 /* FilsonProHeavyItalic-Italic.otf */; };
		539C80BF22C4C621009D8469 /* FilsonProLight-Light.otf in Resources */ = {isa = PBXBuildFile; fileRef = 539C80A722C4C5AC009D8469 /* FilsonProLight-Light.otf */; };
		539C80C022C4C621009D8469 /* FilsonProLightItalic-Italic.otf in Resources */ = {isa = PBXBuildFile; fileRef = 539C80B222C4C5B6009D8469 /* FilsonProLightItalic-Italic.otf */; };
		539C80C122C4C621009D8469 /* FilsonProMedium-Medium.otf in Resources */ = {isa = PBXBuildFile; fileRef = 539C80AF22C4C5B3009D8469 /* FilsonProMedium-Medium.otf */; };
		539C80C222C4C621009D8469 /* FilsonProMediumItalic-Italic.otf in Resources */ = {isa = PBXBuildFile; fileRef = 539C80B022C4C5B4009D8469 /* FilsonProMediumItalic-Italic.otf */; };
		539C80C322C4C621009D8469 /* FilsonProRegular-Regular.otf in Resources */ = {isa = PBXBuildFile; fileRef = 539C80AD22C4C5B1009D8469 /* FilsonProRegular-Regular.otf */; };
		539C80C422C4C621009D8469 /* FilsonProRegularItalic-Italic.otf in Resources */ = {isa = PBXBuildFile; fileRef = 539C80A922C4C5AD009D8469 /* FilsonProRegularItalic-Italic.otf */; };
		539C80C522C4C621009D8469 /* FilsonProThin-Thin.otf in Resources */ = {isa = PBXBuildFile; fileRef = 539C80B122C4C5B5009D8469 /* FilsonProThin-Thin.otf */; };
		539C80C622C4C621009D8469 /* FilsonProThinItalic-Italic.otf in Resources */ = {isa = PBXBuildFile; fileRef = 539C80AA22C4C5AE009D8469 /* FilsonProThinItalic-Italic.otf */; };
		53ACA34D22D744BC00A7CF04 /* Subaccount.swift in Sources */ = {isa = PBXBuildFile; fileRef = 53ACA34C22D744BC00A7CF04 /* Subaccount.swift */; };
		53AE1A8222E5EFF900C3ADC9 /* InputController.swift in Sources */ = {isa = PBXBuildFile; fileRef = 53AE1A8122E5EFF900C3ADC9 /* InputController.swift */; };
		53B8670223B65F7200021132 /* Guest.swift in Sources */ = {isa = PBXBuildFile; fileRef = 53B8670123B65F7200021132 /* Guest.swift */; };
		53BDB6B7231EB501002DA351 /* Terms.storyboard in Resources */ = {isa = PBXBuildFile; fileRef = 53BDB6B6231EB501002DA351 /* Terms.storyboard */; };
		53BDB6B9231EB73D002DA351 /* TermsViewController.swift in Sources */ = {isa = PBXBuildFile; fileRef = 53BDB6B8231EB73D002DA351 /* TermsViewController.swift */; };
		53C5DA9122CA29CF0005AC14 /* ContactInfoViewController.swift in Sources */ = {isa = PBXBuildFile; fileRef = 53C5DA9022CA29CF0005AC14 /* ContactInfoViewController.swift */; };
		53C5DA9322CA2CE00005AC14 /* InstrumentListViewController.swift in Sources */ = {isa = PBXBuildFile; fileRef = 53C5DA9222CA2CE00005AC14 /* InstrumentListViewController.swift */; };
		53C5DA9522CA38030005AC14 /* ReservationListViewController.swift in Sources */ = {isa = PBXBuildFile; fileRef = 53C5DA9422CA38030005AC14 /* ReservationListViewController.swift */; };
		53C5DA9722CA41340005AC14 /* ReservationCell.swift in Sources */ = {isa = PBXBuildFile; fileRef = 53C5DA9622CA41340005AC14 /* ReservationCell.swift */; };
		53C680AB22CB7CD200993110 /* PaymentViewController.swift in Sources */ = {isa = PBXBuildFile; fileRef = 53C680AA22CB7CD200993110 /* PaymentViewController.swift */; };
		53CC2DA222DDC91200E32D3F /* LocationListViewController.swift in Sources */ = {isa = PBXBuildFile; fileRef = 53CC2DA122DDC91200E32D3F /* LocationListViewController.swift */; };
		53CC2DA422DDCD9100E32D3F /* LocationCell.swift in Sources */ = {isa = PBXBuildFile; fileRef = 53CC2DA322DDCD9100E32D3F /* LocationCell.swift */; };
		53D1C57322C5F8C6002BDAE4 /* RegistrationController.swift in Sources */ = {isa = PBXBuildFile; fileRef = 53D1C57222C5F8C6002BDAE4 /* RegistrationController.swift */; };
		53D1E4BF22BE6009001A0F50 /* InstrumentSelectionViewController.swift in Sources */ = {isa = PBXBuildFile; fileRef = 53D1E4BE22BE6009001A0F50 /* InstrumentSelectionViewController.swift */; };
		53D8E20022C3AB2100E3FABB /* Class.swift in Sources */ = {isa = PBXBuildFile; fileRef = 53D8E1FF22C3AB2100E3FABB /* Class.swift */; };
		53D8E20222C3D5FB00E3FABB /* DateCell.swift in Sources */ = {isa = PBXBuildFile; fileRef = 53D8E20122C3D5FB00E3FABB /* DateCell.swift */; };
		53D98FBE22BD35D10027FDCD /* Reservation.storyboard in Resources */ = {isa = PBXBuildFile; fileRef = 53D98FBD22BD35D10027FDCD /* Reservation.storyboard */; };
		53D98FC822BD3FC30027FDCD /* ApiManager.swift in Sources */ = {isa = PBXBuildFile; fileRef = 53D98FC722BD3FC30027FDCD /* ApiManager.swift */; };
		53D98FCA22BD44A40027FDCD /* ApiResult.swift in Sources */ = {isa = PBXBuildFile; fileRef = 53D98FC922BD44A40027FDCD /* ApiResult.swift */; };
		53D98FCC22BD459E0027FDCD /* ApiError.swift in Sources */ = {isa = PBXBuildFile; fileRef = 53D98FCB22BD459E0027FDCD /* ApiError.swift */; };
		53D98FCE22BD45F50027FDCD /* AppError.swift in Sources */ = {isa = PBXBuildFile; fileRef = 53D98FCD22BD45F50027FDCD /* AppError.swift */; };
		53DB770722CA81CE0050F7CD /* InstrumentsUpdateViewController.swift in Sources */ = {isa = PBXBuildFile; fileRef = 53DB770622CA81CE0050F7CD /* InstrumentsUpdateViewController.swift */; };
		53DEFCE122C241AF0003852E /* Location.swift in Sources */ = {isa = PBXBuildFile; fileRef = 53DEFCE022C241AF0003852E /* Location.swift */; };
		53E7D64422C54A35006DA7B4 /* Student.swift in Sources */ = {isa = PBXBuildFile; fileRef = 53E7D64322C54A35006DA7B4 /* Student.swift */; };
		53F8C4F622D50439001B0301 /* ProfessorTextViewController.swift in Sources */ = {isa = PBXBuildFile; fileRef = 53F8C4F522D50439001B0301 /* ProfessorTextViewController.swift */; };
		53FAD2792333B5E700816093 /* MessageHandler.swift in Sources */ = {isa = PBXBuildFile; fileRef = 53FAD2782333B5E700816093 /* MessageHandler.swift */; };
		53FD596222BE4D7D002F5172 /* ProfileViewController.swift in Sources */ = {isa = PBXBuildFile; fileRef = 53FD596122BE4D7D002F5172 /* ProfileViewController.swift */; };
		53FDE14F22BE257D00EBC13F /* Client.swift in Sources */ = {isa = PBXBuildFile; fileRef = 53FDE14E22BE257D00EBC13F /* Client.swift */; };
		53FDE15122BE25C500EBC13F /* DataRequest.swift in Sources */ = {isa = PBXBuildFile; fileRef = 53FDE15022BE25C500EBC13F /* DataRequest.swift */; };
		593B823462C234D64D7BEC81 /* Pods_musicprof.framework in Frameworks */ = {isa = PBXBuildFile; fileRef = 85796996F4D7DD561375F67F /* Pods_musicprof.framework */; };
		A5315B33203CF27C0043A0E2 /* MapViewController.swift in Sources */ = {isa = PBXBuildFile; fileRef = A5315B32203CF27C0043A0E2 /* MapViewController.swift */; };
		A5315B35203DF90A0043A0E2 /* LocationSearchTable.swift in Sources */ = {isa = PBXBuildFile; fileRef = A5315B34203DF90A0043A0E2 /* LocationSearchTable.swift */; };
		A5598C18201F8C3B000C64F6 /* AppDelegate.swift in Sources */ = {isa = PBXBuildFile; fileRef = A5598C17201F8C3B000C64F6 /* AppDelegate.swift */; };
		A5598C1A201F8C3B000C64F6 /* LoginViewController.swift in Sources */ = {isa = PBXBuildFile; fileRef = A5598C19201F8C3B000C64F6 /* LoginViewController.swift */; };
		A5598C1D201F8C3B000C64F6 /* Main.storyboard in Resources */ = {isa = PBXBuildFile; fileRef = A5598C1B201F8C3B000C64F6 /* Main.storyboard */; };
		A5598C1F201F8C3B000C64F6 /* Assets.xcassets in Resources */ = {isa = PBXBuildFile; fileRef = A5598C1E201F8C3B000C64F6 /* Assets.xcassets */; };
		A5598C22201F8C3B000C64F6 /* LaunchScreen.storyboard in Resources */ = {isa = PBXBuildFile; fileRef = A5598C20201F8C3B000C64F6 /* LaunchScreen.storyboard */; };
		A5598C2D201F8C3B000C64F6 /* musicprofTests.swift in Sources */ = {isa = PBXBuildFile; fileRef = A5598C2C201F8C3B000C64F6 /* musicprofTests.swift */; };
		A5598C38201F8C3C000C64F6 /* musicprofUITests.swift in Sources */ = {isa = PBXBuildFile; fileRef = A5598C37201F8C3C000C64F6 /* musicprofUITests.swift */; };
		A5598C71201FCB37000C64F6 /* ContactInfoRegistrationViewController.swift in Sources */ = {isa = PBXBuildFile; fileRef = A5598C70201FCB37000C64F6 /* ContactInfoRegistrationViewController.swift */; };
		A5A77C3820407866000F1E3E /* ScheduleProfesorViewController.swift in Sources */ = {isa = PBXBuildFile; fileRef = A5A77C3720407866000F1E3E /* ScheduleProfesorViewController.swift */; };
		A5AD1EB520334EA400A38F85 /* CalendarViewController.swift in Sources */ = {isa = PBXBuildFile; fileRef = A5AD1EB420334EA400A38F85 /* CalendarViewController.swift */; };
		A5AD1EC020338A6F00A38F85 /* CalendarCell.swift in Sources */ = {isa = PBXBuildFile; fileRef = A5AD1EBF20338A6F00A38F85 /* CalendarCell.swift */; };
		A5CA35D8202CA10C002FFFD0 /* InstrumentsRegistrationViewController.swift in Sources */ = {isa = PBXBuildFile; fileRef = A5CA35D7202CA10C002FFFD0 /* InstrumentsRegistrationViewController.swift */; };
		A5E1FB1E2044BC2200B15DD9 /* ProfessorDetailsViewController.swift in Sources */ = {isa = PBXBuildFile; fileRef = A5E1FB1D2044BC2200B15DD9 /* ProfessorDetailsViewController.swift */; };
		A5E1FB202044CE6600B15DD9 /* TextTableViewCell.swift in Sources */ = {isa = PBXBuildFile; fileRef = A5E1FB1F2044CE6600B15DD9 /* TextTableViewCell.swift */; };
		A5E1FB242044DD4600B15DD9 /* HeaderCell.swift in Sources */ = {isa = PBXBuildFile; fileRef = A5E1FB232044DD4600B15DD9 /* HeaderCell.swift */; };
/* End PBXBuildFile section */

/* Begin PBXContainerItemProxy section */
		A5598C29201F8C3B000C64F6 /* PBXContainerItemProxy */ = {
			isa = PBXContainerItemProxy;
			containerPortal = A5598C0C201F8C3B000C64F6 /* Project object */;
			proxyType = 1;
			remoteGlobalIDString = A5598C13201F8C3B000C64F6;
			remoteInfo = musicprof;
		};
		A5598C34201F8C3C000C64F6 /* PBXContainerItemProxy */ = {
			isa = PBXContainerItemProxy;
			containerPortal = A5598C0C201F8C3B000C64F6 /* Project object */;
			proxyType = 1;
			remoteGlobalIDString = A5598C13201F8C3B000C64F6;
			remoteInfo = musicprof;
		};
/* End PBXContainerItemProxy section */

/* Begin PBXCopyFilesBuildPhase section */
		15A83B21209A8E6D00CB4F2E /* Embed Frameworks */ = {
			isa = PBXCopyFilesBuildPhase;
			buildActionMask = 2147483647;
			dstPath = "";
			dstSubfolderSpec = 10;
			files = (
			);
			name = "Embed Frameworks";
			runOnlyForDeploymentPostprocessing = 0;
		};
/* End PBXCopyFilesBuildPhase section */

/* Begin PBXFileReference section */
		15588080209BB753003DC16A /* PackagesViewController.swift */ = {isa = PBXFileReference; lastKnownFileType = sourcecode.swift; name = PackagesViewController.swift; path = ../PackagesViewController.swift; sourceTree = "<group>"; };
		15DFDFC0208EA59F00B28338 /* PromiseKit.framework */ = {isa = PBXFileReference; lastKnownFileType = wrapper.framework; name = PromiseKit.framework; path = ../Carthage/Build/iOS/PromiseKit.framework; sourceTree = "<group>"; };
		2470988358F77C3194BB7B7D /* Pods-musicprof.debug.xcconfig */ = {isa = PBXFileReference; includeInIndex = 1; lastKnownFileType = text.xcconfig; name = "Pods-musicprof.debug.xcconfig"; path = "Target Support Files/Pods-musicprof/Pods-musicprof.debug.xcconfig"; sourceTree = "<group>"; };
		4AF714FBEDDAEBE65E173A2A /* libPods-musicprofTests.a */ = {isa = PBXFileReference; explicitFileType = archive.ar; includeInIndex = 0; path = "libPods-musicprofTests.a"; sourceTree = BUILT_PRODUCTS_DIR; };
		530591E422CCF07E00905D71 /* ImageImporter.swift */ = {isa = PBXFileReference; lastKnownFileType = sourcecode.swift; path = ImageImporter.swift; sourceTree = "<group>"; };
		5305F99522C4E950002284EF /* UIView.swift */ = {isa = PBXFileReference; lastKnownFileType = sourcecode.swift; path = UIView.swift; sourceTree = "<group>"; };
		530A63E122DF7C5D00E8B98D /* OldReservationsViewController.swift */ = {isa = PBXFileReference; lastKnownFileType = sourcecode.swift; path = OldReservationsViewController.swift; sourceTree = "<group>"; };
		530B852622DB16680021C70E /* ProfessorProfile.storyboard */ = {isa = PBXFileReference; lastKnownFileType = file.storyboard; path = ProfessorProfile.storyboard; sourceTree = "<group>"; };
		530B852822DB18BB0021C70E /* ProfessorClasses.storyboard */ = {isa = PBXFileReference; lastKnownFileType = file.storyboard; path = ProfessorClasses.storyboard; sourceTree = "<group>"; };
		530B852A22DB1B5B0021C70E /* ProfessorClassListViewController.swift */ = {isa = PBXFileReference; lastKnownFileType = sourcecode.swift; path = ProfessorClassListViewController.swift; sourceTree = "<group>"; };
		530B852C22DB3B9E0021C70E /* ClientCell.swift */ = {isa = PBXFileReference; lastKnownFileType = sourcecode.swift; path = ClientCell.swift; sourceTree = "<group>"; };
		530D035922E0B614000D07A9 /* UIToolbar.swift */ = {isa = PBXFileReference; lastKnownFileType = sourcecode.swift; path = UIToolbar.swift; sourceTree = "<group>"; };
		530DB8C822DCDBB800D82378 /* ClassRequest.swift */ = {isa = PBXFileReference; lastKnownFileType = sourcecode.swift; path = ClassRequest.swift; sourceTree = "<group>"; };
		530DB8CC22DCEB5000D82378 /* ClassController.swift */ = {isa = PBXFileReference; lastKnownFileType = sourcecode.swift; path = ClassController.swift; sourceTree = "<group>"; };
		530F8A77229A1656000AFC86 /* RootViewController.swift */ = {isa = PBXFileReference; lastKnownFileType = sourcecode.swift; path = RootViewController.swift; sourceTree = "<group>"; };
		530F8A79229B773A000AFC86 /* UIViewController.swift */ = {isa = PBXFileReference; lastKnownFileType = sourcecode.swift; path = UIViewController.swift; sourceTree = "<group>"; };
		530FC53422DDFF4B000BD490 /* TitleView.xib */ = {isa = PBXFileReference; lastKnownFileType = file.xib; path = TitleView.xib; sourceTree = "<group>"; };
		530FC53622DE0093000BD490 /* TitleView.swift */ = {isa = PBXFileReference; lastKnownFileType = sourcecode.swift; path = TitleView.swift; sourceTree = "<group>"; };
		53108F5F22DDA7D90030C155 /* ClassSchedulingViewController.swift */ = {isa = PBXFileReference; lastKnownFileType = sourcecode.swift; path = ClassSchedulingViewController.swift; sourceTree = "<group>"; };
		53130DC722D06DF3008B06B2 /* ProfileSection.swift */ = {isa = PBXFileReference; lastKnownFileType = sourcecode.swift; path = ProfileSection.swift; sourceTree = "<group>"; };
		531EA0EF22E5ABB600FE9E77 /* ContactInfoUpdateViewController.swift */ = {isa = PBXFileReference; lastKnownFileType = sourcecode.swift; path = ContactInfoUpdateViewController.swift; sourceTree = "<group>"; };
		531FC38322D627B700BDDFCF /* Message.swift */ = {isa = PBXFileReference; lastKnownFileType = sourcecode.swift; path = Message.swift; sourceTree = "<group>"; };
		531FDF9322DD007E00DD1439 /* ClassInstrumentSelectionViewController.swift */ = {isa = PBXFileReference; lastKnownFileType = sourcecode.swift; path = ClassInstrumentSelectionViewController.swift; sourceTree = "<group>"; };
		531FDF9522DD01D200DD1439 /* ClassCalendarViewController.swift */ = {isa = PBXFileReference; lastKnownFileType = sourcecode.swift; path = ClassCalendarViewController.swift; sourceTree = "<group>"; };
		5327962122CCBE2C0085FAFD /* Maps.storyboard */ = {isa = PBXFileReference; lastKnownFileType = file.storyboard; path = Maps.storyboard; sourceTree = "<group>"; };
		532CC89B22C50D3F00FB1822 /* TransparentButton.swift */ = {isa = PBXFileReference; lastKnownFileType = sourcecode.swift; path = TransparentButton.swift; sourceTree = "<group>"; };
		5332FBB722C91645000BF4B0 /* ProfileUpdateViewController.swift */ = {isa = PBXFileReference; lastKnownFileType = sourcecode.swift; path = ProfileUpdateViewController.swift; sourceTree = "<group>"; };
		5332FBB922C917F9000BF4B0 /* CustomTabController.swift */ = {isa = PBXFileReference; lastKnownFileType = sourcecode.swift; path = CustomTabController.swift; sourceTree = "<group>"; };
		5333E95F22C0E3FD00175995 /* ProfessorCell.swift */ = {isa = PBXFileReference; lastKnownFileType = sourcecode.swift; path = ProfessorCell.swift; sourceTree = "<group>"; };
		5333E96122C0E46500175995 /* ProfessorListViewController.swift */ = {isa = PBXFileReference; lastKnownFileType = sourcecode.swift; path = ProfessorListViewController.swift; sourceTree = "<group>"; };
		5333E96322C0EAAB00175995 /* Professor.swift */ = {isa = PBXFileReference; lastKnownFileType = sourcecode.swift; path = Professor.swift; sourceTree = "<group>"; };
		5333E96522C0EF9600175995 /* ReservationRequest.swift */ = {isa = PBXFileReference; lastKnownFileType = sourcecode.swift; path = ReservationRequest.swift; sourceTree = "<group>"; };
		5333E96822C0F78900175995 /* ReservationController.swift */ = {isa = PBXFileReference; lastKnownFileType = sourcecode.swift; path = ReservationController.swift; sourceTree = "<group>"; };
		5333E96A22C0F8FC00175995 /* BaseReservationViewController.swift */ = {isa = PBXFileReference; lastKnownFileType = sourcecode.swift; path = BaseReservationViewController.swift; sourceTree = "<group>"; };
		5333E96C22C0FD4E00175995 /* ContainerViewController.swift */ = {isa = PBXFileReference; lastKnownFileType = sourcecode.swift; path = ContainerViewController.swift; sourceTree = "<group>"; };
		5333E96E22C0FDE500175995 /* NestedController.swift */ = {isa = PBXFileReference; lastKnownFileType = sourcecode.swift; path = NestedController.swift; sourceTree = "<group>"; };
		5336831F22D3A98800C702D6 /* User.swift */ = {isa = PBXFileReference; lastKnownFileType = sourcecode.swift; path = User.swift; sourceTree = "<group>"; };
		533E63F722C8BE0B007EE029 /* ToggleButton.xib */ = {isa = PBXFileReference; lastKnownFileType = file.xib; path = ToggleButton.xib; sourceTree = "<group>"; };
		533E63F922C8BE43007EE029 /* ToggleButton.swift */ = {isa = PBXFileReference; lastKnownFileType = sourcecode.swift; path = ToggleButton.swift; sourceTree = "<group>"; };
		533E63FB22C8CA76007EE029 /* ClientProfile.storyboard */ = {isa = PBXFileReference; lastKnownFileType = file.storyboard; path = ClientProfile.storyboard; sourceTree = "<group>"; };
		53459CF622D4B3120007ECE6 /* MultiformEncodable.swift */ = {isa = PBXFileReference; lastKnownFileType = sourcecode.swift; path = MultiformEncodable.swift; sourceTree = "<group>"; };
		534F1D4B22BFBFFB009249FC /* AddStudentsViewController.swift */ = {isa = PBXFileReference; lastKnownFileType = sourcecode.swift; path = AddStudentsViewController.swift; sourceTree = "<group>"; };
		534F1D4D22BFC043009249FC /* StudentCell.swift */ = {isa = PBXFileReference; lastKnownFileType = sourcecode.swift; path = StudentCell.swift; sourceTree = "<group>"; };
		5352020622D9EE1F0037D95C /* BaseNestedViewController.swift */ = {isa = PBXFileReference; lastKnownFileType = sourcecode.swift; path = BaseNestedViewController.swift; sourceTree = "<group>"; };
		5357A5DB22D4928000936FA6 /* Professors.storyboard */ = {isa = PBXFileReference; lastKnownFileType = file.storyboard; path = Professors.storyboard; sourceTree = "<group>"; };
		5357A5DD22D494C000936FA6 /* LoginController.swift */ = {isa = PBXFileReference; lastKnownFileType = sourcecode.swift; path = LoginController.swift; sourceTree = "<group>"; };
		5357A5DF22D49B4300936FA6 /* ClientUpdateViewController.swift */ = {isa = PBXFileReference; lastKnownFileType = sourcecode.swift; path = ClientUpdateViewController.swift; sourceTree = "<group>"; };
		5357A5E122D49B5A00936FA6 /* ProfessorUpdateViewController.swift */ = {isa = PBXFileReference; lastKnownFileType = sourcecode.swift; path = ProfessorUpdateViewController.swift; sourceTree = "<group>"; };
		53616E6B22CBAF6800B36549 /* PasswordUpdateViewController.swift */ = {isa = PBXFileReference; lastKnownFileType = sourcecode.swift; path = PasswordUpdateViewController.swift; sourceTree = "<group>"; };
		5364C6BF22CFB3140052E6FA /* SubaccountListViewController.swift */ = {isa = PBXFileReference; lastKnownFileType = sourcecode.swift; path = SubaccountListViewController.swift; sourceTree = "<group>"; };
		5366CFD822CC9B4400FFDEE2 /* Reservation.swift */ = {isa = PBXFileReference; lastKnownFileType = sourcecode.swift; path = Reservation.swift; sourceTree = "<group>"; };
		536752C022C5E19B00DA1590 /* SubaccountSelectionViewController.swift */ = {isa = PBXFileReference; lastKnownFileType = sourcecode.swift; path = SubaccountSelectionViewController.swift; sourceTree = "<group>"; };
		536C704022C1F30A00E217FF /* UINavigationController.swift */ = {isa = PBXFileReference; lastKnownFileType = sourcecode.swift; path = UINavigationController.swift; sourceTree = "<group>"; };
		536F8A5922C6510D0061CF17 /* PasswordResetViewController.swift */ = {isa = PBXFileReference; lastKnownFileType = sourcecode.swift; path = PasswordResetViewController.swift; sourceTree = "<group>"; };
		537D421022D60CD50011A504 /* ChatViewController.swift */ = {isa = PBXFileReference; lastKnownFileType = sourcecode.swift; path = ChatViewController.swift; sourceTree = "<group>"; };
		537D421222D60FE00011A504 /* MessageCell.swift */ = {isa = PBXFileReference; lastKnownFileType = sourcecode.swift; path = MessageCell.swift; sourceTree = "<group>"; };
		5380312B22CE42570016175E /* ClientClassListViewController.swift */ = {isa = PBXFileReference; lastKnownFileType = sourcecode.swift; path = ClientClassListViewController.swift; sourceTree = "<group>"; };
		5380312D22CE44ED0016175E /* ClientClasses.storyboard */ = {isa = PBXFileReference; lastKnownFileType = file.storyboard; path = ClientClasses.storyboard; sourceTree = "<group>"; };
		53907E0A22B1983300314EC8 /* InstrumentCell.swift */ = {isa = PBXFileReference; lastKnownFileType = sourcecode.swift; path = InstrumentCell.swift; sourceTree = "<group>"; };
		53907E0C22B19EC700314EC8 /* Instrument.swift */ = {isa = PBXFileReference; lastKnownFileType = sourcecode.swift; path = Instrument.swift; sourceTree = "<group>"; };
		5393EB7222C7CC5C00C47E77 /* Payment.storyboard */ = {isa = PBXFileReference; lastKnownFileType = file.storyboard; path = Payment.storyboard; sourceTree = "<group>"; };
		5393EB7422C7CD4600C47E77 /* MenuViewController.swift */ = {isa = PBXFileReference; lastKnownFileType = sourcecode.swift; path = MenuViewController.swift; sourceTree = "<group>"; };
		5393EB7622C7DC3200C47E77 /* Package.swift */ = {isa = PBXFileReference; lastKnownFileType = sourcecode.swift; path = Package.swift; sourceTree = "<group>"; };
		5393EB7822C7EEF700C47E77 /* PackageCell.swift */ = {isa = PBXFileReference; lastKnownFileType = sourcecode.swift; path = PackageCell.swift; sourceTree = "<group>"; };
		539C80A722C4C5AC009D8469 /* FilsonProLight-Light.otf */ = {isa = PBXFileReference; lastKnownFileType = file; path = "FilsonProLight-Light.otf"; sourceTree = "<group>"; };
		539C80A822C4C5AD009D8469 /* FilsonProHeavyItalic-Italic.otf */ = {isa = PBXFileReference; lastKnownFileType = file; path = "FilsonProHeavyItalic-Italic.otf"; sourceTree = "<group>"; };
		539C80A922C4C5AD009D8469 /* FilsonProRegularItalic-Italic.otf */ = {isa = PBXFileReference; lastKnownFileType = file; path = "FilsonProRegularItalic-Italic.otf"; sourceTree = "<group>"; };
		539C80AA22C4C5AE009D8469 /* FilsonProThinItalic-Italic.otf */ = {isa = PBXFileReference; lastKnownFileType = file; path = "FilsonProThinItalic-Italic.otf"; sourceTree = "<group>"; };
		539C80AB22C4C5AF009D8469 /* FilsonProBlackItalic-Italic.otf */ = {isa = PBXFileReference; lastKnownFileType = file; path = "FilsonProBlackItalic-Italic.otf"; sourceTree = "<group>"; };
		539C80AC22C4C5B0009D8469 /* FilsonProHeavy-Heavy.otf */ = {isa = PBXFileReference; lastKnownFileType = file; path = "FilsonProHeavy-Heavy.otf"; sourceTree = "<group>"; };
		539C80AD22C4C5B1009D8469 /* FilsonProRegular-Regular.otf */ = {isa = PBXFileReference; lastKnownFileType = file; path = "FilsonProRegular-Regular.otf"; sourceTree = "<group>"; };
		539C80AE22C4C5B2009D8469 /* FilsonProBlack-Black.otf */ = {isa = PBXFileReference; lastKnownFileType = file; path = "FilsonProBlack-Black.otf"; sourceTree = "<group>"; };
		539C80AF22C4C5B3009D8469 /* FilsonProMedium-Medium.otf */ = {isa = PBXFileReference; lastKnownFileType = file; path = "FilsonProMedium-Medium.otf"; sourceTree = "<group>"; };
		539C80B022C4C5B4009D8469 /* FilsonProMediumItalic-Italic.otf */ = {isa = PBXFileReference; lastKnownFileType = file; path = "FilsonProMediumItalic-Italic.otf"; sourceTree = "<group>"; };
		539C80B122C4C5B5009D8469 /* FilsonProThin-Thin.otf */ = {isa = PBXFileReference; lastKnownFileType = file; path = "FilsonProThin-Thin.otf"; sourceTree = "<group>"; };
		539C80B222C4C5B6009D8469 /* FilsonProLightItalic-Italic.otf */ = {isa = PBXFileReference; lastKnownFileType = file; path = "FilsonProLightItalic-Italic.otf"; sourceTree = "<group>"; };
		539C80B322C4C5B6009D8469 /* FilsonProBook-Book.otf */ = {isa = PBXFileReference; lastKnownFileType = file; path = "FilsonProBook-Book.otf"; sourceTree = "<group>"; };
		539C80B422C4C5B7009D8469 /* FilsonProBoldItalic-Italic.otf */ = {isa = PBXFileReference; lastKnownFileType = file; path = "FilsonProBoldItalic-Italic.otf"; sourceTree = "<group>"; };
		539C80B522C4C5B8009D8469 /* FilsonProBookItalic-Italic.otf */ = {isa = PBXFileReference; lastKnownFileType = file; path = "FilsonProBookItalic-Italic.otf"; sourceTree = "<group>"; };
		539C80B622C4C5B9009D8469 /* FilsonProBold-Bold.otf */ = {isa = PBXFileReference; lastKnownFileType = file; path = "FilsonProBold-Bold.otf"; sourceTree = "<group>"; };
		53ACA34C22D744BC00A7CF04 /* Subaccount.swift */ = {isa = PBXFileReference; lastKnownFileType = sourcecode.swift; path = Subaccount.swift; sourceTree = "<group>"; };
		53AE1A8122E5EFF900C3ADC9 /* InputController.swift */ = {isa = PBXFileReference; lastKnownFileType = sourcecode.swift; path = InputController.swift; sourceTree = "<group>"; };
		53B8670123B65F7200021132 /* Guest.swift */ = {isa = PBXFileReference; lastKnownFileType = sourcecode.swift; path = Guest.swift; sourceTree = "<group>"; };
		53BDB6B6231EB501002DA351 /* Terms.storyboard */ = {isa = PBXFileReference; lastKnownFileType = file.storyboard; path = Terms.storyboard; sourceTree = "<group>"; };
		53BDB6B8231EB73D002DA351 /* TermsViewController.swift */ = {isa = PBXFileReference; lastKnownFileType = sourcecode.swift; path = TermsViewController.swift; sourceTree = "<group>"; };
		53C5DA9022CA29CF0005AC14 /* ContactInfoViewController.swift */ = {isa = PBXFileReference; lastKnownFileType = sourcecode.swift; path = ContactInfoViewController.swift; sourceTree = "<group>"; };
		53C5DA9222CA2CE00005AC14 /* InstrumentListViewController.swift */ = {isa = PBXFileReference; lastKnownFileType = sourcecode.swift; path = InstrumentListViewController.swift; sourceTree = "<group>"; };
		53C5DA9422CA38030005AC14 /* ReservationListViewController.swift */ = {isa = PBXFileReference; lastKnownFileType = sourcecode.swift; path = ReservationListViewController.swift; sourceTree = "<group>"; };
		53C5DA9622CA41340005AC14 /* ReservationCell.swift */ = {isa = PBXFileReference; lastKnownFileType = sourcecode.swift; path = ReservationCell.swift; sourceTree = "<group>"; };
		53C680AA22CB7CD200993110 /* PaymentViewController.swift */ = {isa = PBXFileReference; lastKnownFileType = sourcecode.swift; path = PaymentViewController.swift; sourceTree = "<group>"; };
		53CC2DA122DDC91200E32D3F /* LocationListViewController.swift */ = {isa = PBXFileReference; lastKnownFileType = sourcecode.swift; path = LocationListViewController.swift; sourceTree = "<group>"; };
		53CC2DA322DDCD9100E32D3F /* LocationCell.swift */ = {isa = PBXFileReference; lastKnownFileType = sourcecode.swift; path = LocationCell.swift; sourceTree = "<group>"; };
		53D1C57222C5F8C6002BDAE4 /* RegistrationController.swift */ = {isa = PBXFileReference; lastKnownFileType = sourcecode.swift; path = RegistrationController.swift; sourceTree = "<group>"; };
		53D1E4BE22BE6009001A0F50 /* InstrumentSelectionViewController.swift */ = {isa = PBXFileReference; lastKnownFileType = sourcecode.swift; path = InstrumentSelectionViewController.swift; sourceTree = "<group>"; };
		53D8E1FF22C3AB2100E3FABB /* Class.swift */ = {isa = PBXFileReference; lastKnownFileType = sourcecode.swift; path = Class.swift; sourceTree = "<group>"; };
		53D8E20122C3D5FB00E3FABB /* DateCell.swift */ = {isa = PBXFileReference; lastKnownFileType = sourcecode.swift; path = DateCell.swift; sourceTree = "<group>"; };
		53D98FBD22BD35D10027FDCD /* Reservation.storyboard */ = {isa = PBXFileReference; lastKnownFileType = file.storyboard; path = Reservation.storyboard; sourceTree = "<group>"; };
		53D98FC722BD3FC30027FDCD /* ApiManager.swift */ = {isa = PBXFileReference; lastKnownFileType = sourcecode.swift; path = ApiManager.swift; sourceTree = "<group>"; };
		53D98FC922BD44A40027FDCD /* ApiResult.swift */ = {isa = PBXFileReference; lastKnownFileType = sourcecode.swift; path = ApiResult.swift; sourceTree = "<group>"; };
		53D98FCB22BD459E0027FDCD /* ApiError.swift */ = {isa = PBXFileReference; lastKnownFileType = sourcecode.swift; path = ApiError.swift; sourceTree = "<group>"; };
		53D98FCD22BD45F50027FDCD /* AppError.swift */ = {isa = PBXFileReference; lastKnownFileType = sourcecode.swift; path = AppError.swift; sourceTree = "<group>"; };
		53DB770622CA81CE0050F7CD /* InstrumentsUpdateViewController.swift */ = {isa = PBXFileReference; lastKnownFileType = sourcecode.swift; path = InstrumentsUpdateViewController.swift; sourceTree = "<group>"; };
		53DEFCE022C241AF0003852E /* Location.swift */ = {isa = PBXFileReference; lastKnownFileType = sourcecode.swift; path = Location.swift; sourceTree = "<group>"; };
		53E7D64322C54A35006DA7B4 /* Student.swift */ = {isa = PBXFileReference; lastKnownFileType = sourcecode.swift; path = Student.swift; sourceTree = "<group>"; };
		53F8C4F522D50439001B0301 /* ProfessorTextViewController.swift */ = {isa = PBXFileReference; lastKnownFileType = sourcecode.swift; path = ProfessorTextViewController.swift; sourceTree = "<group>"; };
		53FAD2782333B5E700816093 /* MessageHandler.swift */ = {isa = PBXFileReference; lastKnownFileType = sourcecode.swift; path = MessageHandler.swift; sourceTree = "<group>"; };
		53FD596122BE4D7D002F5172 /* ProfileViewController.swift */ = {isa = PBXFileReference; lastKnownFileType = sourcecode.swift; path = ProfileViewController.swift; sourceTree = "<group>"; };
		53FDE14E22BE257D00EBC13F /* Client.swift */ = {isa = PBXFileReference; lastKnownFileType = sourcecode.swift; path = Client.swift; sourceTree = "<group>"; };
		53FDE15022BE25C500EBC13F /* DataRequest.swift */ = {isa = PBXFileReference; lastKnownFileType = sourcecode.swift; path = DataRequest.swift; sourceTree = "<group>"; };
		59E632D18A7D18233FF1FA7A /* Pods-musicprofTests.release.xcconfig */ = {isa = PBXFileReference; includeInIndex = 1; lastKnownFileType = text.xcconfig; name = "Pods-musicprofTests.release.xcconfig"; path = "Target Support Files/Pods-musicprofTests/Pods-musicprofTests.release.xcconfig"; sourceTree = "<group>"; };
		67621E9938D7DBC743F68D1A /* Pods-musicprof.release.xcconfig */ = {isa = PBXFileReference; includeInIndex = 1; lastKnownFileType = text.xcconfig; name = "Pods-musicprof.release.xcconfig"; path = "Target Support Files/Pods-musicprof/Pods-musicprof.release.xcconfig"; sourceTree = "<group>"; };
		68822876B39CA5EAA292D999 /* Pods-musicprofUITests.release.xcconfig */ = {isa = PBXFileReference; includeInIndex = 1; lastKnownFileType = text.xcconfig; name = "Pods-musicprofUITests.release.xcconfig"; path = "Target Support Files/Pods-musicprofUITests/Pods-musicprofUITests.release.xcconfig"; sourceTree = "<group>"; };
		75154C0B7B893B2085E3E130 /* libPods-musicprofUITests.a */ = {isa = PBXFileReference; explicitFileType = archive.ar; includeInIndex = 0; path = "libPods-musicprofUITests.a"; sourceTree = BUILT_PRODUCTS_DIR; };
		85796996F4D7DD561375F67F /* Pods_musicprof.framework */ = {isa = PBXFileReference; explicitFileType = wrapper.framework; includeInIndex = 0; path = Pods_musicprof.framework; sourceTree = BUILT_PRODUCTS_DIR; };
		93D0A0454B07824111570E98 /* Pods-musicprofUITests.debug.xcconfig */ = {isa = PBXFileReference; includeInIndex = 1; lastKnownFileType = text.xcconfig; name = "Pods-musicprofUITests.debug.xcconfig"; path = "Target Support Files/Pods-musicprofUITests/Pods-musicprofUITests.debug.xcconfig"; sourceTree = "<group>"; };
		A5315B32203CF27C0043A0E2 /* MapViewController.swift */ = {isa = PBXFileReference; lastKnownFileType = sourcecode.swift; name = MapViewController.swift; path = ../MapViewController.swift; sourceTree = "<group>"; };
		A5315B34203DF90A0043A0E2 /* LocationSearchTable.swift */ = {isa = PBXFileReference; lastKnownFileType = sourcecode.swift; name = LocationSearchTable.swift; path = ../LocationSearchTable.swift; sourceTree = "<group>"; };
		A53D0DDA231DCA8800F48302 /* musicprof.entitlements */ = {isa = PBXFileReference; lastKnownFileType = text.plist.entitlements; path = musicprof.entitlements; sourceTree = "<group>"; };
		A5598C14201F8C3B000C64F6 /* musicprof.app */ = {isa = PBXFileReference; explicitFileType = wrapper.application; includeInIndex = 0; path = musicprof.app; sourceTree = BUILT_PRODUCTS_DIR; };
		A5598C17201F8C3B000C64F6 /* AppDelegate.swift */ = {isa = PBXFileReference; lastKnownFileType = sourcecode.swift; path = AppDelegate.swift; sourceTree = "<group>"; };
		A5598C19201F8C3B000C64F6 /* LoginViewController.swift */ = {isa = PBXFileReference; lastKnownFileType = sourcecode.swift; path = LoginViewController.swift; sourceTree = "<group>"; };
		A5598C1C201F8C3B000C64F6 /* Base */ = {isa = PBXFileReference; lastKnownFileType = file.storyboard; name = Base; path = Base.lproj/Main.storyboard; sourceTree = "<group>"; };
		A5598C1E201F8C3B000C64F6 /* Assets.xcassets */ = {isa = PBXFileReference; lastKnownFileType = folder.assetcatalog; path = Assets.xcassets; sourceTree = "<group>"; };
		A5598C21201F8C3B000C64F6 /* Base */ = {isa = PBXFileReference; lastKnownFileType = file.storyboard; name = Base; path = Base.lproj/LaunchScreen.storyboard; sourceTree = "<group>"; };
		A5598C23201F8C3B000C64F6 /* Info.plist */ = {isa = PBXFileReference; lastKnownFileType = text.plist.xml; path = Info.plist; sourceTree = "<group>"; };
		A5598C28201F8C3B000C64F6 /* musicprofTests.xctest */ = {isa = PBXFileReference; explicitFileType = wrapper.cfbundle; includeInIndex = 0; path = musicprofTests.xctest; sourceTree = BUILT_PRODUCTS_DIR; };
		A5598C2C201F8C3B000C64F6 /* musicprofTests.swift */ = {isa = PBXFileReference; lastKnownFileType = sourcecode.swift; path = musicprofTests.swift; sourceTree = "<group>"; };
		A5598C2E201F8C3B000C64F6 /* Info.plist */ = {isa = PBXFileReference; lastKnownFileType = text.plist.xml; path = Info.plist; sourceTree = "<group>"; };
		A5598C33201F8C3C000C64F6 /* musicprofUITests.xctest */ = {isa = PBXFileReference; explicitFileType = wrapper.cfbundle; includeInIndex = 0; path = musicprofUITests.xctest; sourceTree = BUILT_PRODUCTS_DIR; };
		A5598C37201F8C3C000C64F6 /* musicprofUITests.swift */ = {isa = PBXFileReference; lastKnownFileType = sourcecode.swift; path = musicprofUITests.swift; sourceTree = "<group>"; };
		A5598C39201F8C3C000C64F6 /* Info.plist */ = {isa = PBXFileReference; lastKnownFileType = text.plist.xml; path = Info.plist; sourceTree = "<group>"; };
		A5598C70201FCB37000C64F6 /* ContactInfoRegistrationViewController.swift */ = {isa = PBXFileReference; lastKnownFileType = sourcecode.swift; path = ContactInfoRegistrationViewController.swift; sourceTree = "<group>"; };
		A5A77C3720407866000F1E3E /* ScheduleProfesorViewController.swift */ = {isa = PBXFileReference; lastKnownFileType = sourcecode.swift; name = ScheduleProfesorViewController.swift; path = ../ScheduleProfesorViewController.swift; sourceTree = "<group>"; };
		A5AD1EB420334EA400A38F85 /* CalendarViewController.swift */ = {isa = PBXFileReference; lastKnownFileType = sourcecode.swift; path = CalendarViewController.swift; sourceTree = "<group>"; };
		A5AD1EBF20338A6F00A38F85 /* CalendarCell.swift */ = {isa = PBXFileReference; lastKnownFileType = sourcecode.swift; path = CalendarCell.swift; sourceTree = "<group>"; };
		A5CA35D7202CA10C002FFFD0 /* InstrumentsRegistrationViewController.swift */ = {isa = PBXFileReference; lastKnownFileType = sourcecode.swift; path = InstrumentsRegistrationViewController.swift; sourceTree = "<group>"; };
		A5E1FB1D2044BC2200B15DD9 /* ProfessorDetailsViewController.swift */ = {isa = PBXFileReference; lastKnownFileType = sourcecode.swift; path = ProfessorDetailsViewController.swift; sourceTree = "<group>"; };
		A5E1FB1F2044CE6600B15DD9 /* TextTableViewCell.swift */ = {isa = PBXFileReference; lastKnownFileType = sourcecode.swift; path = TextTableViewCell.swift; sourceTree = "<group>"; };
		A5E1FB232044DD4600B15DD9 /* HeaderCell.swift */ = {isa = PBXFileReference; lastKnownFileType = sourcecode.swift; path = HeaderCell.swift; sourceTree = "<group>"; };
		D86ACBF90E826131BAF27404 /* Pods-musicprofTests.debug.xcconfig */ = {isa = PBXFileReference; includeInIndex = 1; lastKnownFileType = text.xcconfig; name = "Pods-musicprofTests.debug.xcconfig"; path = "Target Support Files/Pods-musicprofTests/Pods-musicprofTests.debug.xcconfig"; sourceTree = "<group>"; };
/* End PBXFileReference section */

/* Begin PBXFrameworksBuildPhase section */
		A5598C11201F8C3B000C64F6 /* Frameworks */ = {
			isa = PBXFrameworksBuildPhase;
			buildActionMask = 2147483647;
			files = (
				593B823462C234D64D7BEC81 /* Pods_musicprof.framework in Frameworks */,
			);
			runOnlyForDeploymentPostprocessing = 0;
		};
		A5598C25201F8C3B000C64F6 /* Frameworks */ = {
			isa = PBXFrameworksBuildPhase;
			buildActionMask = 2147483647;
			files = (
				11F91453F3412F761A8CBD19 /* libPods-musicprofTests.a in Frameworks */,
			);
			runOnlyForDeploymentPostprocessing = 0;
		};
		A5598C30201F8C3C000C64F6 /* Frameworks */ = {
			isa = PBXFrameworksBuildPhase;
			buildActionMask = 2147483647;
			files = (
				18F3B0C6C9FD26CAF18EF54A /* libPods-musicprofUITests.a in Frameworks */,
			);
			runOnlyForDeploymentPostprocessing = 0;
		};
/* End PBXFrameworksBuildPhase section */

/* Begin PBXGroup section */
		15DFDFBF208EA59F00B28338 /* Frameworks */ = {
			isa = PBXGroup;
			children = (
				15DFDFC0208EA59F00B28338 /* PromiseKit.framework */,
				85796996F4D7DD561375F67F /* Pods_musicprof.framework */,
				4AF714FBEDDAEBE65E173A2A /* libPods-musicprofTests.a */,
				75154C0B7B893B2085E3E130 /* libPods-musicprofUITests.a */,
			);
			name = Frameworks;
			sourceTree = "<group>";
		};
		4B2BFBDE783AE75C0AE6806D /* Pods */ = {
			isa = PBXGroup;
			children = (
				2470988358F77C3194BB7B7D /* Pods-musicprof.debug.xcconfig */,
				67621E9938D7DBC743F68D1A /* Pods-musicprof.release.xcconfig */,
				D86ACBF90E826131BAF27404 /* Pods-musicprofTests.debug.xcconfig */,
				59E632D18A7D18233FF1FA7A /* Pods-musicprofTests.release.xcconfig */,
				93D0A0454B07824111570E98 /* Pods-musicprofUITests.debug.xcconfig */,
				68822876B39CA5EAA292D999 /* Pods-musicprofUITests.release.xcconfig */,
			);
			path = Pods;
			sourceTree = "<group>";
		};
		5333E96722C0F76F00175995 /* Protocols */ = {
			isa = PBXGroup;
			children = (
				53D1C57222C5F8C6002BDAE4 /* RegistrationController.swift */,
				5333E96822C0F78900175995 /* ReservationController.swift */,
				530DB8CC22DCEB5000D82378 /* ClassController.swift */,
				5333E96E22C0FDE500175995 /* NestedController.swift */,
				53E7D64322C54A35006DA7B4 /* Student.swift */,
				53130DC722D06DF3008B06B2 /* ProfileSection.swift */,
				5357A5DD22D494C000936FA6 /* LoginController.swift */,
				53459CF622D4B3120007ECE6 /* MultiformEncodable.swift */,
				53AE1A8122E5EFF900C3ADC9 /* InputController.swift */,
				53FAD2782333B5E700816093 /* MessageHandler.swift */,
			);
			path = Protocols;
			sourceTree = "<group>";
		};
		539C80A622C4C56B009D8469 /* Fonts */ = {
			isa = PBXGroup;
			children = (
				539C80AE22C4C5B2009D8469 /* FilsonProBlack-Black.otf */,
				539C80AB22C4C5AF009D8469 /* FilsonProBlackItalic-Italic.otf */,
				539C80B622C4C5B9009D8469 /* FilsonProBold-Bold.otf */,
				539C80B422C4C5B7009D8469 /* FilsonProBoldItalic-Italic.otf */,
				539C80B322C4C5B6009D8469 /* FilsonProBook-Book.otf */,
				539C80B522C4C5B8009D8469 /* FilsonProBookItalic-Italic.otf */,
				539C80AC22C4C5B0009D8469 /* FilsonProHeavy-Heavy.otf */,
				539C80A822C4C5AD009D8469 /* FilsonProHeavyItalic-Italic.otf */,
				539C80A722C4C5AC009D8469 /* FilsonProLight-Light.otf */,
				539C80B222C4C5B6009D8469 /* FilsonProLightItalic-Italic.otf */,
				539C80AF22C4C5B3009D8469 /* FilsonProMedium-Medium.otf */,
				539C80B022C4C5B4009D8469 /* FilsonProMediumItalic-Italic.otf */,
				539C80AD22C4C5B1009D8469 /* FilsonProRegular-Regular.otf */,
				539C80A922C4C5AD009D8469 /* FilsonProRegularItalic-Italic.otf */,
				539C80B122C4C5B5009D8469 /* FilsonProThin-Thin.otf */,
				539C80AA22C4C5AE009D8469 /* FilsonProThinItalic-Italic.otf */,
			);
			path = Fonts;
			sourceTree = "<group>";
		};
		53D98FBC22BD35290027FDCD /* Views */ = {
			isa = PBXGroup;
			children = (
				A5598C1B201F8C3B000C64F6 /* Main.storyboard */,
				53D98FBD22BD35D10027FDCD /* Reservation.storyboard */,
				532CC89B22C50D3F00FB1822 /* TransparentButton.swift */,
				5393EB7222C7CC5C00C47E77 /* Payment.storyboard */,
				533E63F722C8BE0B007EE029 /* ToggleButton.xib */,
				533E63F922C8BE43007EE029 /* ToggleButton.swift */,
				533E63FB22C8CA76007EE029 /* ClientProfile.storyboard */,
				5380312D22CE44ED0016175E /* ClientClasses.storyboard */,
				5327962122CCBE2C0085FAFD /* Maps.storyboard */,
				5357A5DB22D4928000936FA6 /* Professors.storyboard */,
				530B852622DB16680021C70E /* ProfessorProfile.storyboard */,
				530B852822DB18BB0021C70E /* ProfessorClasses.storyboard */,
				530FC53422DDFF4B000BD490 /* TitleView.xib */,
				530FC53622DE0093000BD490 /* TitleView.swift */,
				53BDB6B6231EB501002DA351 /* Terms.storyboard */,
			);
			path = Views;
			sourceTree = "<group>";
		};
		53D98FC422BD3E420027FDCD /* Extensions */ = {
			isa = PBXGroup;
			children = (
				530F8A79229B773A000AFC86 /* UIViewController.swift */,
				536C704022C1F30A00E217FF /* UINavigationController.swift */,
				5305F99522C4E950002284EF /* UIView.swift */,
				53FDE15022BE25C500EBC13F /* DataRequest.swift */,
				530D035922E0B614000D07A9 /* UIToolbar.swift */,
			);
			name = Extensions;
			sourceTree = "<group>";
		};
		53D98FC522BD3E560027FDCD /* Models */ = {
			isa = PBXGroup;
			children = (
				53D98FC722BD3FC30027FDCD /* ApiManager.swift */,
				53D98FC922BD44A40027FDCD /* ApiResult.swift */,
				53D98FCB22BD459E0027FDCD /* ApiError.swift */,
				53D98FCD22BD45F50027FDCD /* AppError.swift */,
				5336831F22D3A98800C702D6 /* User.swift */,
				53FDE14E22BE257D00EBC13F /* Client.swift */,
				53ACA34C22D744BC00A7CF04 /* Subaccount.swift */,
				53B8670123B65F7200021132 /* Guest.swift */,
				53907E0C22B19EC700314EC8 /* Instrument.swift */,
				53DEFCE022C241AF0003852E /* Location.swift */,
				5333E96322C0EAAB00175995 /* Professor.swift */,
				53D8E1FF22C3AB2100E3FABB /* Class.swift */,
				530DB8C822DCDBB800D82378 /* ClassRequest.swift */,
				5366CFD822CC9B4400FFDEE2 /* Reservation.swift */,
				5333E96522C0EF9600175995 /* ReservationRequest.swift */,
				5393EB7622C7DC3200C47E77 /* Package.swift */,
				531FC38322D627B700BDDFCF /* Message.swift */,
				530591E422CCF07E00905D71 /* ImageImporter.swift */,
			);
			name = Models;
			sourceTree = "<group>";
		};
		53D98FC622BD3F970027FDCD /* Controllers */ = {
			isa = PBXGroup;
			children = (
				5332FBB922C917F9000BF4B0 /* CustomTabController.swift */,
				530F8A77229A1656000AFC86 /* RootViewController.swift */,
				A5598C19201F8C3B000C64F6 /* LoginViewController.swift */,
				536F8A5922C6510D0061CF17 /* PasswordResetViewController.swift */,
				53C5DA9022CA29CF0005AC14 /* ContactInfoViewController.swift */,
				A5598C70201FCB37000C64F6 /* ContactInfoRegistrationViewController.swift */,
				53C5DA9222CA2CE00005AC14 /* InstrumentListViewController.swift */,
				A5CA35D7202CA10C002FFFD0 /* InstrumentsRegistrationViewController.swift */,
				53C5DA9422CA38030005AC14 /* ReservationListViewController.swift */,
				53C5DA9622CA41340005AC14 /* ReservationCell.swift */,
				5333E96C22C0FD4E00175995 /* ContainerViewController.swift */,
				5393EB7422C7CD4600C47E77 /* MenuViewController.swift */,
				5352020622D9EE1F0037D95C /* BaseNestedViewController.swift */,
				5333E96A22C0F8FC00175995 /* BaseReservationViewController.swift */,
				53FD596122BE4D7D002F5172 /* ProfileViewController.swift */,
				536752C022C5E19B00DA1590 /* SubaccountSelectionViewController.swift */,
				53D1E4BE22BE6009001A0F50 /* InstrumentSelectionViewController.swift */,
				53907E0A22B1983300314EC8 /* InstrumentCell.swift */,
				534F1D4B22BFBFFB009249FC /* AddStudentsViewController.swift */,
				534F1D4D22BFC043009249FC /* StudentCell.swift */,
				A5315B32203CF27C0043A0E2 /* MapViewController.swift */,
				A5315B34203DF90A0043A0E2 /* LocationSearchTable.swift */,
				A5AD1EB420334EA400A38F85 /* CalendarViewController.swift */,
				A5AD1EBF20338A6F00A38F85 /* CalendarCell.swift */,
				A5A77C3720407866000F1E3E /* ScheduleProfesorViewController.swift */,
				5333E96122C0E46500175995 /* ProfessorListViewController.swift */,
				5333E95F22C0E3FD00175995 /* ProfessorCell.swift */,
				53D8E20122C3D5FB00E3FABB /* DateCell.swift */,
				A5E1FB1D2044BC2200B15DD9 /* ProfessorDetailsViewController.swift */,
				A5E1FB232044DD4600B15DD9 /* HeaderCell.swift */,
				A5E1FB1F2044CE6600B15DD9 /* TextTableViewCell.swift */,
				15588080209BB753003DC16A /* PackagesViewController.swift */,
				5393EB7822C7EEF700C47E77 /* PackageCell.swift */,
				53C680AA22CB7CD200993110 /* PaymentViewController.swift */,
				5332FBB722C91645000BF4B0 /* ProfileUpdateViewController.swift */,
				5357A5DF22D49B4300936FA6 /* ClientUpdateViewController.swift */,
				5357A5E122D49B5A00936FA6 /* ProfessorUpdateViewController.swift */,
				531EA0EF22E5ABB600FE9E77 /* ContactInfoUpdateViewController.swift */,
				53DB770622CA81CE0050F7CD /* InstrumentsUpdateViewController.swift */,
				53616E6B22CBAF6800B36549 /* PasswordUpdateViewController.swift */,
				5364C6BF22CFB3140052E6FA /* SubaccountListViewController.swift */,
				530A63E122DF7C5D00E8B98D /* OldReservationsViewController.swift */,
				53F8C4F522D50439001B0301 /* ProfessorTextViewController.swift */,
				53CC2DA122DDC91200E32D3F /* LocationListViewController.swift */,
				53CC2DA322DDCD9100E32D3F /* LocationCell.swift */,
				5380312B22CE42570016175E /* ClientClassListViewController.swift */,
				530B852A22DB1B5B0021C70E /* ProfessorClassListViewController.swift */,
				530B852C22DB3B9E0021C70E /* ClientCell.swift */,
				537D421022D60CD50011A504 /* ChatViewController.swift */,
				537D421222D60FE00011A504 /* MessageCell.swift */,
				531FDF9322DD007E00DD1439 /* ClassInstrumentSelectionViewController.swift */,
				531FDF9522DD01D200DD1439 /* ClassCalendarViewController.swift */,
				53108F5F22DDA7D90030C155 /* ClassSchedulingViewController.swift */,
				53BDB6B8231EB73D002DA351 /* TermsViewController.swift */,
			);
			path = Controllers;
			sourceTree = "<group>";
		};
		A5598C0B201F8C3B000C64F6 = {
			isa = PBXGroup;
			children = (
				A5598C16201F8C3B000C64F6 /* musicprof */,
				A5598C2B201F8C3B000C64F6 /* musicprofTests */,
				A5598C36201F8C3C000C64F6 /* musicprofUITests */,
				A5598C15201F8C3B000C64F6 /* Products */,
				15DFDFBF208EA59F00B28338 /* Frameworks */,
				4B2BFBDE783AE75C0AE6806D /* Pods */,
			);
			sourceTree = "<group>";
		};
		A5598C15201F8C3B000C64F6 /* Products */ = {
			isa = PBXGroup;
			children = (
				A5598C14201F8C3B000C64F6 /* musicprof.app */,
				A5598C28201F8C3B000C64F6 /* musicprofTests.xctest */,
				A5598C33201F8C3C000C64F6 /* musicprofUITests.xctest */,
			);
			name = Products;
			sourceTree = "<group>";
		};
		A5598C16201F8C3B000C64F6 /* musicprof */ = {
			isa = PBXGroup;
			children = (
				A53D0DDA231DCA8800F48302 /* musicprof.entitlements */,
				539C80A622C4C56B009D8469 /* Fonts */,
				5333E96722C0F76F00175995 /* Protocols */,
				53D98FC422BD3E420027FDCD /* Extensions */,
				53D98FC522BD3E560027FDCD /* Models */,
				53D98FC622BD3F970027FDCD /* Controllers */,
				53D98FBC22BD35290027FDCD /* Views */,
				A5598C17201F8C3B000C64F6 /* AppDelegate.swift */,
				A5598C1E201F8C3B000C64F6 /* Assets.xcassets */,
				A5598C20201F8C3B000C64F6 /* LaunchScreen.storyboard */,
				A5598C23201F8C3B000C64F6 /* Info.plist */,
			);
			path = musicprof;
			sourceTree = "<group>";
		};
		A5598C2B201F8C3B000C64F6 /* musicprofTests */ = {
			isa = PBXGroup;
			children = (
				A5598C2C201F8C3B000C64F6 /* musicprofTests.swift */,
				A5598C2E201F8C3B000C64F6 /* Info.plist */,
			);
			path = musicprofTests;
			sourceTree = "<group>";
		};
		A5598C36201F8C3C000C64F6 /* musicprofUITests */ = {
			isa = PBXGroup;
			children = (
				A5598C37201F8C3C000C64F6 /* musicprofUITests.swift */,
				A5598C39201F8C3C000C64F6 /* Info.plist */,
			);
			path = musicprofUITests;
			sourceTree = "<group>";
		};
/* End PBXGroup section */

/* Begin PBXNativeTarget section */
		A5598C13201F8C3B000C64F6 /* musicprof */ = {
			isa = PBXNativeTarget;
			buildConfigurationList = A5598C3C201F8C3C000C64F6 /* Build configuration list for PBXNativeTarget "musicprof" */;
			buildPhases = (
				C9FE367F8F962A88648F436A /* [CP] Check Pods Manifest.lock */,
				A5598C10201F8C3B000C64F6 /* Sources */,
				A5598C11201F8C3B000C64F6 /* Frameworks */,
				A5598C12201F8C3B000C64F6 /* Resources */,
				15A83B21209A8E6D00CB4F2E /* Embed Frameworks */,
				5CC6BD7BBA3AF34C07132D81 /* [CP] Embed Pods Frameworks */,
			);
			buildRules = (
			);
			dependencies = (
			);
			name = musicprof;
			productName = musicprof;
			productReference = A5598C14201F8C3B000C64F6 /* musicprof.app */;
			productType = "com.apple.product-type.application";
		};
		A5598C27201F8C3B000C64F6 /* musicprofTests */ = {
			isa = PBXNativeTarget;
			buildConfigurationList = A5598C3F201F8C3C000C64F6 /* Build configuration list for PBXNativeTarget "musicprofTests" */;
			buildPhases = (
				32EED0EDA31943E3AFD8960F /* [CP] Check Pods Manifest.lock */,
				A5598C24201F8C3B000C64F6 /* Sources */,
				A5598C25201F8C3B000C64F6 /* Frameworks */,
				A5598C26201F8C3B000C64F6 /* Resources */,
			);
			buildRules = (
			);
			dependencies = (
				A5598C2A201F8C3B000C64F6 /* PBXTargetDependency */,
			);
			name = musicprofTests;
			productName = musicprofTests;
			productReference = A5598C28201F8C3B000C64F6 /* musicprofTests.xctest */;
			productType = "com.apple.product-type.bundle.unit-test";
		};
		A5598C32201F8C3C000C64F6 /* musicprofUITests */ = {
			isa = PBXNativeTarget;
			buildConfigurationList = A5598C42201F8C3C000C64F6 /* Build configuration list for PBXNativeTarget "musicprofUITests" */;
			buildPhases = (
				1474789C182CDE0043BD5BC2 /* [CP] Check Pods Manifest.lock */,
				A5598C2F201F8C3C000C64F6 /* Sources */,
				A5598C30201F8C3C000C64F6 /* Frameworks */,
				A5598C31201F8C3C000C64F6 /* Resources */,
			);
			buildRules = (
			);
			dependencies = (
				A5598C35201F8C3C000C64F6 /* PBXTargetDependency */,
			);
			name = musicprofUITests;
			productName = musicprofUITests;
			productReference = A5598C33201F8C3C000C64F6 /* musicprofUITests.xctest */;
			productType = "com.apple.product-type.bundle.ui-testing";
		};
/* End PBXNativeTarget section */

/* Begin PBXProject section */
		A5598C0C201F8C3B000C64F6 /* Project object */ = {
			isa = PBXProject;
			attributes = {
				LastSwiftUpdateCheck = 0920;
				LastUpgradeCheck = 0930;
				ORGANIZATIONNAME = "Alexis Morell Blanco";
				TargetAttributes = {
					A5598C13201F8C3B000C64F6 = {
						CreatedOnToolsVersion = 9.2;
						ProvisioningStyle = Automatic;
						SystemCapabilities = {
							com.apple.Push = {
								enabled = 1;
							};
						};
					};
					A5598C27201F8C3B000C64F6 = {
						CreatedOnToolsVersion = 9.2;
						ProvisioningStyle = Automatic;
						TestTargetID = A5598C13201F8C3B000C64F6;
					};
					A5598C32201F8C3C000C64F6 = {
						CreatedOnToolsVersion = 9.2;
						ProvisioningStyle = Automatic;
						TestTargetID = A5598C13201F8C3B000C64F6;
					};
				};
			};
			buildConfigurationList = A5598C0F201F8C3B000C64F6 /* Build configuration list for PBXProject "musicprof" */;
			compatibilityVersion = "Xcode 8.0";
			developmentRegion = en;
			hasScannedForEncodings = 0;
			knownRegions = (
				en,
				Base,
			);
			mainGroup = A5598C0B201F8C3B000C64F6;
			productRefGroup = A5598C15201F8C3B000C64F6 /* Products */;
			projectDirPath = "";
			projectRoot = "";
			targets = (
				A5598C13201F8C3B000C64F6 /* musicprof */,
				A5598C27201F8C3B000C64F6 /* musicprofTests */,
				A5598C32201F8C3C000C64F6 /* musicprofUITests */,
			);
		};
/* End PBXProject section */

/* Begin PBXResourcesBuildPhase section */
		A5598C12201F8C3B000C64F6 /* Resources */ = {
			isa = PBXResourcesBuildPhase;
			buildActionMask = 2147483647;
			files = (
				539C80BB22C4C621009D8469 /* FilsonProBook-Book.otf in Resources */,
				A5598C22201F8C3B000C64F6 /* LaunchScreen.storyboard in Resources */,
				A5598C1F201F8C3B000C64F6 /* Assets.xcassets in Resources */,
				539C80B822C4C621009D8469 /* FilsonProBlackItalic-Italic.otf in Resources */,
				539C80BD22C4C621009D8469 /* FilsonProHeavy-Heavy.otf in Resources */,
				539C80C022C4C621009D8469 /* FilsonProLightItalic-Italic.otf in Resources */,
				539C80BA22C4C621009D8469 /* FilsonProBoldItalic-Italic.otf in Resources */,
				530B852722DB16680021C70E /* ProfessorProfile.storyboard in Resources */,
				5327962222CCBE2C0085FAFD /* Maps.storyboard in Resources */,
				530FC53522DDFF4B000BD490 /* TitleView.xib in Resources */,
				533E63FC22C8CA76007EE029 /* ClientProfile.storyboard in Resources */,
				539C80C422C4C621009D8469 /* FilsonProRegularItalic-Italic.otf in Resources */,
				539C80BF22C4C621009D8469 /* FilsonProLight-Light.otf in Resources */,
				539C80C522C4C621009D8469 /* FilsonProThin-Thin.otf in Resources */,
				539C80B922C4C621009D8469 /* FilsonProBold-Bold.otf in Resources */,
				533E63F822C8BE0B007EE029 /* ToggleButton.xib in Resources */,
				530B852922DB18BB0021C70E /* ProfessorClasses.storyboard in Resources */,
				539C80B722C4C621009D8469 /* FilsonProBlack-Black.otf in Resources */,
				539C80C222C4C621009D8469 /* FilsonProMediumItalic-Italic.otf in Resources */,
				539C80C622C4C621009D8469 /* FilsonProThinItalic-Italic.otf in Resources */,
				539C80BE22C4C621009D8469 /* FilsonProHeavyItalic-Italic.otf in Resources */,
				5393EB7322C7CC5C00C47E77 /* Payment.storyboard in Resources */,
				539C80BC22C4C621009D8469 /* FilsonProBookItalic-Italic.otf in Resources */,
				5357A5DC22D4928000936FA6 /* Professors.storyboard in Resources */,
				539C80C122C4C621009D8469 /* FilsonProMedium-Medium.otf in Resources */,
				A5598C1D201F8C3B000C64F6 /* Main.storyboard in Resources */,
				53BDB6B7231EB501002DA351 /* Terms.storyboard in Resources */,
				539C80C322C4C621009D8469 /* FilsonProRegular-Regular.otf in Resources */,
				5380312E22CE44ED0016175E /* ClientClasses.storyboard in Resources */,
				53D98FBE22BD35D10027FDCD /* Reservation.storyboard in Resources */,
			);
			runOnlyForDeploymentPostprocessing = 0;
		};
		A5598C26201F8C3B000C64F6 /* Resources */ = {
			isa = PBXResourcesBuildPhase;
			buildActionMask = 2147483647;
			files = (
			);
			runOnlyForDeploymentPostprocessing = 0;
		};
		A5598C31201F8C3C000C64F6 /* Resources */ = {
			isa = PBXResourcesBuildPhase;
			buildActionMask = 2147483647;
			files = (
			);
			runOnlyForDeploymentPostprocessing = 0;
		};
/* End PBXResourcesBuildPhase section */

/* Begin PBXShellScriptBuildPhase section */
		1474789C182CDE0043BD5BC2 /* [CP] Check Pods Manifest.lock */ = {
			isa = PBXShellScriptBuildPhase;
			buildActionMask = 2147483647;
			files = (
			);
			inputFileListPaths = (
			);
			inputPaths = (
				"${PODS_PODFILE_DIR_PATH}/Podfile.lock",
				"${PODS_ROOT}/Manifest.lock",
			);
			name = "[CP] Check Pods Manifest.lock";
			outputFileListPaths = (
			);
			outputPaths = (
				"$(DERIVED_FILE_DIR)/Pods-musicprofUITests-checkManifestLockResult.txt",
			);
			runOnlyForDeploymentPostprocessing = 0;
			shellPath = /bin/sh;
			shellScript = "diff \"${PODS_PODFILE_DIR_PATH}/Podfile.lock\" \"${PODS_ROOT}/Manifest.lock\" > /dev/null\nif [ $? != 0 ] ; then\n    # print error to STDERR\n    echo \"error: The sandbox is not in sync with the Podfile.lock. Run 'pod install' or update your CocoaPods installation.\" >&2\n    exit 1\nfi\n# This output is used by Xcode 'outputs' to avoid re-running this script phase.\necho \"SUCCESS\" > \"${SCRIPT_OUTPUT_FILE_0}\"\n";
			showEnvVarsInLog = 0;
		};
		32EED0EDA31943E3AFD8960F /* [CP] Check Pods Manifest.lock */ = {
			isa = PBXShellScriptBuildPhase;
			buildActionMask = 2147483647;
			files = (
			);
			inputFileListPaths = (
			);
			inputPaths = (
				"${PODS_PODFILE_DIR_PATH}/Podfile.lock",
				"${PODS_ROOT}/Manifest.lock",
			);
			name = "[CP] Check Pods Manifest.lock";
			outputFileListPaths = (
			);
			outputPaths = (
				"$(DERIVED_FILE_DIR)/Pods-musicprofTests-checkManifestLockResult.txt",
			);
			runOnlyForDeploymentPostprocessing = 0;
			shellPath = /bin/sh;
			shellScript = "diff \"${PODS_PODFILE_DIR_PATH}/Podfile.lock\" \"${PODS_ROOT}/Manifest.lock\" > /dev/null\nif [ $? != 0 ] ; then\n    # print error to STDERR\n    echo \"error: The sandbox is not in sync with the Podfile.lock. Run 'pod install' or update your CocoaPods installation.\" >&2\n    exit 1\nfi\n# This output is used by Xcode 'outputs' to avoid re-running this script phase.\necho \"SUCCESS\" > \"${SCRIPT_OUTPUT_FILE_0}\"\n";
			showEnvVarsInLog = 0;
		};
		5CC6BD7BBA3AF34C07132D81 /* [CP] Embed Pods Frameworks */ = {
			isa = PBXShellScriptBuildPhase;
			buildActionMask = 2147483647;
			files = (
			);
			inputPaths = (
				"${PODS_ROOT}/Target Support Files/Pods-musicprof/Pods-musicprof-frameworks.sh",
				"${BUILT_PRODUCTS_DIR}/AEAccordion/AEAccordion.framework",
				"${BUILT_PRODUCTS_DIR}/ActionSheetPicker-3.0/ActionSheetPicker_3_0.framework",
				"${BUILT_PRODUCTS_DIR}/Alamofire/Alamofire.framework",
				"${BUILT_PRODUCTS_DIR}/AlamofireImage/AlamofireImage.framework",
				"${BUILT_PRODUCTS_DIR}/Bolts/Bolts.framework",
				"${BUILT_PRODUCTS_DIR}/Braintree/Braintree.framework",
				"${BUILT_PRODUCTS_DIR}/CryptoSwift/CryptoSwift.framework",
				"${BUILT_PRODUCTS_DIR}/FBSDKCoreKit/FBSDKCoreKit.framework",
				"${BUILT_PRODUCTS_DIR}/FBSDKLoginKit/FBSDKLoginKit.framework",
				"${BUILT_PRODUCTS_DIR}/FBSDKShareKit/FBSDKShareKit.framework",
				"${BUILT_PRODUCTS_DIR}/FacebookCore/FacebookCore.framework",
				"${BUILT_PRODUCTS_DIR}/FacebookLogin/FacebookLogin.framework",
				"${BUILT_PRODUCTS_DIR}/FacebookShare/FacebookShare.framework",
				"${BUILT_PRODUCTS_DIR}/JTAppleCalendar/JTAppleCalendar.framework",
				"${BUILT_PRODUCTS_DIR}/M13Checkbox/M13Checkbox.framework",
				"${BUILT_PRODUCTS_DIR}/PushNotifications/PushNotifications.framework",
				"${BUILT_PRODUCTS_DIR}/PusherSwift/PusherSwift.framework",
				"${BUILT_PRODUCTS_DIR}/ReachabilitySwift/Reachability.framework",
				"${BUILT_PRODUCTS_DIR}/SCLAlertView/SCLAlertView.framework",
				"${BUILT_PRODUCTS_DIR}/Starscream/Starscream.framework",
				"${BUILT_PRODUCTS_DIR}/SwiftKeychainWrapper/SwiftKeychainWrapper.framework",
				"${BUILT_PRODUCTS_DIR}/SwiftLocation/SwiftLocation.framework",
				"${BUILT_PRODUCTS_DIR}/SwiftyJSON/SwiftyJSON.framework",
			);
			name = "[CP] Embed Pods Frameworks";
			outputPaths = (
				"${TARGET_BUILD_DIR}/${FRAMEWORKS_FOLDER_PATH}/AEAccordion.framework",
				"${TARGET_BUILD_DIR}/${FRAMEWORKS_FOLDER_PATH}/ActionSheetPicker_3_0.framework",
				"${TARGET_BUILD_DIR}/${FRAMEWORKS_FOLDER_PATH}/Alamofire.framework",
				"${TARGET_BUILD_DIR}/${FRAMEWORKS_FOLDER_PATH}/AlamofireImage.framework",
				"${TARGET_BUILD_DIR}/${FRAMEWORKS_FOLDER_PATH}/Bolts.framework",
				"${TARGET_BUILD_DIR}/${FRAMEWORKS_FOLDER_PATH}/Braintree.framework",
				"${TARGET_BUILD_DIR}/${FRAMEWORKS_FOLDER_PATH}/CryptoSwift.framework",
				"${TARGET_BUILD_DIR}/${FRAMEWORKS_FOLDER_PATH}/FBSDKCoreKit.framework",
				"${TARGET_BUILD_DIR}/${FRAMEWORKS_FOLDER_PATH}/FBSDKLoginKit.framework",
				"${TARGET_BUILD_DIR}/${FRAMEWORKS_FOLDER_PATH}/FBSDKShareKit.framework",
				"${TARGET_BUILD_DIR}/${FRAMEWORKS_FOLDER_PATH}/FacebookCore.framework",
				"${TARGET_BUILD_DIR}/${FRAMEWORKS_FOLDER_PATH}/FacebookLogin.framework",
				"${TARGET_BUILD_DIR}/${FRAMEWORKS_FOLDER_PATH}/FacebookShare.framework",
				"${TARGET_BUILD_DIR}/${FRAMEWORKS_FOLDER_PATH}/JTAppleCalendar.framework",
				"${TARGET_BUILD_DIR}/${FRAMEWORKS_FOLDER_PATH}/M13Checkbox.framework",
				"${TARGET_BUILD_DIR}/${FRAMEWORKS_FOLDER_PATH}/PushNotifications.framework",
				"${TARGET_BUILD_DIR}/${FRAMEWORKS_FOLDER_PATH}/PusherSwift.framework",
				"${TARGET_BUILD_DIR}/${FRAMEWORKS_FOLDER_PATH}/Reachability.framework",
				"${TARGET_BUILD_DIR}/${FRAMEWORKS_FOLDER_PATH}/SCLAlertView.framework",
				"${TARGET_BUILD_DIR}/${FRAMEWORKS_FOLDER_PATH}/Starscream.framework",
				"${TARGET_BUILD_DIR}/${FRAMEWORKS_FOLDER_PATH}/SwiftKeychainWrapper.framework",
				"${TARGET_BUILD_DIR}/${FRAMEWORKS_FOLDER_PATH}/SwiftLocation.framework",
				"${TARGET_BUILD_DIR}/${FRAMEWORKS_FOLDER_PATH}/SwiftyJSON.framework",
			);
			runOnlyForDeploymentPostprocessing = 0;
			shellPath = /bin/sh;
			shellScript = "\"${PODS_ROOT}/Target Support Files/Pods-musicprof/Pods-musicprof-frameworks.sh\"\n";
			showEnvVarsInLog = 0;
		};
		C9FE367F8F962A88648F436A /* [CP] Check Pods Manifest.lock */ = {
			isa = PBXShellScriptBuildPhase;
			buildActionMask = 2147483647;
			files = (
			);
			inputFileListPaths = (
			);
			inputPaths = (
				"${PODS_PODFILE_DIR_PATH}/Podfile.lock",
				"${PODS_ROOT}/Manifest.lock",
			);
			name = "[CP] Check Pods Manifest.lock";
			outputFileListPaths = (
			);
			outputPaths = (
				"$(DERIVED_FILE_DIR)/Pods-musicprof-checkManifestLockResult.txt",
			);
			runOnlyForDeploymentPostprocessing = 0;
			shellPath = /bin/sh;
			shellScript = "diff \"${PODS_PODFILE_DIR_PATH}/Podfile.lock\" \"${PODS_ROOT}/Manifest.lock\" > /dev/null\nif [ $? != 0 ] ; then\n    # print error to STDERR\n    echo \"error: The sandbox is not in sync with the Podfile.lock. Run 'pod install' or update your CocoaPods installation.\" >&2\n    exit 1\nfi\n# This output is used by Xcode 'outputs' to avoid re-running this script phase.\necho \"SUCCESS\" > \"${SCRIPT_OUTPUT_FILE_0}\"\n";
			showEnvVarsInLog = 0;
		};
/* End PBXShellScriptBuildPhase section */

/* Begin PBXSourcesBuildPhase section */
		A5598C10201F8C3B000C64F6 /* Sources */ = {
			isa = PBXSourcesBuildPhase;
			buildActionMask = 2147483647;
			files = (
				530B852B22DB1B5B0021C70E /* ProfessorClassListViewController.swift in Sources */,
				537D421322D60FE00011A504 /* MessageCell.swift in Sources */,
				A5E1FB202044CE6600B15DD9 /* TextTableViewCell.swift in Sources */,
				5333E96622C0EF9600175995 /* ReservationRequest.swift in Sources */,
				530FC53722DE0093000BD490 /* TitleView.swift in Sources */,
				53C5DA9522CA38030005AC14 /* ReservationListViewController.swift in Sources */,
				A5598C1A201F8C3B000C64F6 /* LoginViewController.swift in Sources */,
				53C680AB22CB7CD200993110 /* PaymentViewController.swift in Sources */,
				530A63E222DF7C5D00E8B98D /* OldReservationsViewController.swift in Sources */,
				53D1E4BF22BE6009001A0F50 /* InstrumentSelectionViewController.swift in Sources */,
				533E63FA22C8BE43007EE029 /* ToggleButton.swift in Sources */,
				5333E96922C0F78900175995 /* ReservationController.swift in Sources */,
				536752C122C5E19B00DA1590 /* SubaccountSelectionViewController.swift in Sources */,
				531FDF9622DD01D200DD1439 /* ClassCalendarViewController.swift in Sources */,
				53D8E20222C3D5FB00E3FABB /* DateCell.swift in Sources */,
				5333E96D22C0FD4E00175995 /* ContainerViewController.swift in Sources */,
				53130DC822D06DF3008B06B2 /* ProfileSection.swift in Sources */,
				530DB8C922DCDBB800D82378 /* ClassRequest.swift in Sources */,
				536C704122C1F30A00E217FF /* UINavigationController.swift in Sources */,
				5357A5E222D49B5A00936FA6 /* ProfessorUpdateViewController.swift in Sources */,
				530F8A7A229B773A000AFC86 /* UIViewController.swift in Sources */,
				A5AD1EB520334EA400A38F85 /* CalendarViewController.swift in Sources */,
				53F8C4F622D50439001B0301 /* ProfessorTextViewController.swift in Sources */,
				5357A5E022D49B4300936FA6 /* ClientUpdateViewController.swift in Sources */,
				53108F6022DDA7D90030C155 /* ClassSchedulingViewController.swift in Sources */,
				53E7D64422C54A35006DA7B4 /* Student.swift in Sources */,
				5333E96B22C0F8FC00175995 /* BaseReservationViewController.swift in Sources */,
				A5598C71201FCB37000C64F6 /* ContactInfoRegistrationViewController.swift in Sources */,
				531FDF9422DD007E00DD1439 /* ClassInstrumentSelectionViewController.swift in Sources */,
				537D421122D60CD50011A504 /* ChatViewController.swift in Sources */,
				530DB8CD22DCEB5000D82378 /* ClassController.swift in Sources */,
				5332FBBA22C917F9000BF4B0 /* CustomTabController.swift in Sources */,
				530591E522CCF07E00905D71 /* ImageImporter.swift in Sources */,
				A5315B35203DF90A0043A0E2 /* LocationSearchTable.swift in Sources */,
				53616E6C22CBAF6800B36549 /* PasswordUpdateViewController.swift in Sources */,
				534F1D4C22BFBFFB009249FC /* AddStudentsViewController.swift in Sources */,
				530B852D22DB3B9E0021C70E /* ClientCell.swift in Sources */,
				530D035A22E0B615000D07A9 /* UIToolbar.swift in Sources */,
				A5E1FB1E2044BC2200B15DD9 /* ProfessorDetailsViewController.swift in Sources */,
				5332FBB822C91645000BF4B0 /* ProfileUpdateViewController.swift in Sources */,
				15588081209BB753003DC16A /* PackagesViewController.swift in Sources */,
				53D98FC822BD3FC30027FDCD /* ApiManager.swift in Sources */,
				A5AD1EC020338A6F00A38F85 /* CalendarCell.swift in Sources */,
				53D8E20022C3AB2100E3FABB /* Class.swift in Sources */,
				A5598C18201F8C3B000C64F6 /* AppDelegate.swift in Sources */,
				53AE1A8222E5EFF900C3ADC9 /* InputController.swift in Sources */,
				5305F99622C4E950002284EF /* UIView.swift in Sources */,
				530F8A78229A1656000AFC86 /* RootViewController.swift in Sources */,
				53D1C57322C5F8C6002BDAE4 /* RegistrationController.swift in Sources */,
				531EA0F022E5ABB600FE9E77 /* ContactInfoUpdateViewController.swift in Sources */,
				5380312C22CE42570016175E /* ClientClassListViewController.swift in Sources */,
				5393EB7522C7CD4600C47E77 /* MenuViewController.swift in Sources */,
				5366CFD922CC9B4400FFDEE2 /* Reservation.swift in Sources */,
				536F8A5A22C6510D0061CF17 /* PasswordResetViewController.swift in Sources */,
				531FC38422D627B700BDDFCF /* Message.swift in Sources */,
				5333E96222C0E46500175995 /* ProfessorListViewController.swift in Sources */,
				53459CF722D4B3120007ECE6 /* MultiformEncodable.swift in Sources */,
				53D98FCE22BD45F50027FDCD /* AppError.swift in Sources */,
				53CC2DA222DDC91200E32D3F /* LocationListViewController.swift in Sources */,
				53ACA34D22D744BC00A7CF04 /* Subaccount.swift in Sources */,
				5333E96F22C0FDE500175995 /* NestedController.swift in Sources */,
				53B8670223B65F7200021132 /* Guest.swift in Sources */,
				53D98FCA22BD44A40027FDCD /* ApiResult.swift in Sources */,
				5393EB7922C7EEF700C47E77 /* PackageCell.swift in Sources */,
				A5A77C3820407866000F1E3E /* ScheduleProfesorViewController.swift in Sources */,
				5333E96422C0EAAB00175995 /* Professor.swift in Sources */,
				5352020722D9EE1F0037D95C /* BaseNestedViewController.swift in Sources */,
				5364C6C022CFB3140052E6FA /* SubaccountListViewController.swift in Sources */,
				53FDE15122BE25C500EBC13F /* DataRequest.swift in Sources */,
				53DB770722CA81CE0050F7CD /* InstrumentsUpdateViewController.swift in Sources */,
				53DEFCE122C241AF0003852E /* Location.swift in Sources */,
				53C5DA9722CA41340005AC14 /* ReservationCell.swift in Sources */,
				5393EB7722C7DC3200C47E77 /* Package.swift in Sources */,
				53907E0B22B1983300314EC8 /* InstrumentCell.swift in Sources */,
				53D98FCC22BD459E0027FDCD /* ApiError.swift in Sources */,
				A5CA35D8202CA10C002FFFD0 /* InstrumentsRegistrationViewController.swift in Sources */,
				532CC89C22C50D3F00FB1822 /* TransparentButton.swift in Sources */,
				5336832022D3A98800C702D6 /* User.swift in Sources */,
				A5315B33203CF27C0043A0E2 /* MapViewController.swift in Sources */,
				534F1D4E22BFC043009249FC /* StudentCell.swift in Sources */,
				A5E1FB242044DD4600B15DD9 /* HeaderCell.swift in Sources */,
				53CC2DA422DDCD9100E32D3F /* LocationCell.swift in Sources */,
				53C5DA9322CA2CE00005AC14 /* InstrumentListViewController.swift in Sources */,
				53FAD2792333B5E700816093 /* MessageHandler.swift in Sources */,
				53907E0D22B19EC700314EC8 /* Instrument.swift in Sources */,
				53FD596222BE4D7D002F5172 /* ProfileViewController.swift in Sources */,
				5333E96022C0E3FD00175995 /* ProfessorCell.swift in Sources */,
				53BDB6B9231EB73D002DA351 /* TermsViewController.swift in Sources */,
				5357A5DE22D494C000936FA6 /* LoginController.swift in Sources */,
				53FDE14F22BE257D00EBC13F /* Client.swift in Sources */,
				53C5DA9122CA29CF0005AC14 /* ContactInfoViewController.swift in Sources */,
			);
			runOnlyForDeploymentPostprocessing = 0;
		};
		A5598C24201F8C3B000C64F6 /* Sources */ = {
			isa = PBXSourcesBuildPhase;
			buildActionMask = 2147483647;
			files = (
				A5598C2D201F8C3B000C64F6 /* musicprofTests.swift in Sources */,
			);
			runOnlyForDeploymentPostprocessing = 0;
		};
		A5598C2F201F8C3C000C64F6 /* Sources */ = {
			isa = PBXSourcesBuildPhase;
			buildActionMask = 2147483647;
			files = (
				A5598C38201F8C3C000C64F6 /* musicprofUITests.swift in Sources */,
			);
			runOnlyForDeploymentPostprocessing = 0;
		};
/* End PBXSourcesBuildPhase section */

/* Begin PBXTargetDependency section */
		A5598C2A201F8C3B000C64F6 /* PBXTargetDependency */ = {
			isa = PBXTargetDependency;
			target = A5598C13201F8C3B000C64F6 /* musicprof */;
			targetProxy = A5598C29201F8C3B000C64F6 /* PBXContainerItemProxy */;
		};
		A5598C35201F8C3C000C64F6 /* PBXTargetDependency */ = {
			isa = PBXTargetDependency;
			target = A5598C13201F8C3B000C64F6 /* musicprof */;
			targetProxy = A5598C34201F8C3C000C64F6 /* PBXContainerItemProxy */;
		};
/* End PBXTargetDependency section */

/* Begin PBXVariantGroup section */
		A5598C1B201F8C3B000C64F6 /* Main.storyboard */ = {
			isa = PBXVariantGroup;
			children = (
				A5598C1C201F8C3B000C64F6 /* Base */,
			);
			name = Main.storyboard;
			sourceTree = "<group>";
		};
		A5598C20201F8C3B000C64F6 /* LaunchScreen.storyboard */ = {
			isa = PBXVariantGroup;
			children = (
				A5598C21201F8C3B000C64F6 /* Base */,
			);
			name = LaunchScreen.storyboard;
			sourceTree = "<group>";
		};
/* End PBXVariantGroup section */

/* Begin XCBuildConfiguration section */
		A5598C3A201F8C3C000C64F6 /* Debug */ = {
			isa = XCBuildConfiguration;
			buildSettings = {
				ALWAYS_SEARCH_USER_PATHS = NO;
				CLANG_ANALYZER_NONNULL = YES;
				CLANG_ANALYZER_NUMBER_OBJECT_CONVERSION = YES_AGGRESSIVE;
				CLANG_CXX_LANGUAGE_STANDARD = "gnu++14";
				CLANG_CXX_LIBRARY = "libc++";
				CLANG_ENABLE_MODULES = YES;
				CLANG_ENABLE_OBJC_ARC = YES;
				CLANG_WARN_BLOCK_CAPTURE_AUTORELEASING = YES;
				CLANG_WARN_BOOL_CONVERSION = YES;
				CLANG_WARN_COMMA = YES;
				CLANG_WARN_CONSTANT_CONVERSION = YES;
				CLANG_WARN_DEPRECATED_OBJC_IMPLEMENTATIONS = YES;
				CLANG_WARN_DIRECT_OBJC_ISA_USAGE = YES_ERROR;
				CLANG_WARN_DOCUMENTATION_COMMENTS = YES;
				CLANG_WARN_EMPTY_BODY = YES;
				CLANG_WARN_ENUM_CONVERSION = YES;
				CLANG_WARN_INFINITE_RECURSION = YES;
				CLANG_WARN_INT_CONVERSION = YES;
				CLANG_WARN_NON_LITERAL_NULL_CONVERSION = YES;
				CLANG_WARN_OBJC_IMPLICIT_RETAIN_SELF = YES;
				CLANG_WARN_OBJC_LITERAL_CONVERSION = YES;
				CLANG_WARN_OBJC_ROOT_CLASS = YES_ERROR;
				CLANG_WARN_RANGE_LOOP_ANALYSIS = YES;
				CLANG_WARN_STRICT_PROTOTYPES = YES;
				CLANG_WARN_SUSPICIOUS_MOVE = YES;
				CLANG_WARN_UNGUARDED_AVAILABILITY = YES_AGGRESSIVE;
				CLANG_WARN_UNREACHABLE_CODE = YES;
				CLANG_WARN__DUPLICATE_METHOD_MATCH = YES;
				CODE_SIGN_IDENTITY = "iPhone Developer";
				COPY_PHASE_STRIP = NO;
				DEBUG_INFORMATION_FORMAT = dwarf;
				ENABLE_STRICT_OBJC_MSGSEND = YES;
				ENABLE_TESTABILITY = YES;
				GCC_C_LANGUAGE_STANDARD = gnu11;
				GCC_DYNAMIC_NO_PIC = NO;
				GCC_NO_COMMON_BLOCKS = YES;
				GCC_OPTIMIZATION_LEVEL = 0;
				GCC_PREPROCESSOR_DEFINITIONS = (
					"DEBUG=1",
					"$(inherited)",
				);
				GCC_WARN_64_TO_32_BIT_CONVERSION = YES;
				GCC_WARN_ABOUT_RETURN_TYPE = YES_ERROR;
				GCC_WARN_UNDECLARED_SELECTOR = YES;
				GCC_WARN_UNINITIALIZED_AUTOS = YES_AGGRESSIVE;
				GCC_WARN_UNUSED_FUNCTION = YES;
				GCC_WARN_UNUSED_VARIABLE = YES;
				IPHONEOS_DEPLOYMENT_TARGET = 11.0;
				MTL_ENABLE_DEBUG_INFO = YES;
				ONLY_ACTIVE_ARCH = YES;
				SDKROOT = iphoneos;
				SWIFT_ACTIVE_COMPILATION_CONDITIONS = DEBUG;
				SWIFT_OPTIMIZATION_LEVEL = "-Onone";
			};
			name = Debug;
		};
		A5598C3B201F8C3C000C64F6 /* Release */ = {
			isa = XCBuildConfiguration;
			buildSettings = {
				ALWAYS_SEARCH_USER_PATHS = NO;
				CLANG_ANALYZER_NONNULL = YES;
				CLANG_ANALYZER_NUMBER_OBJECT_CONVERSION = YES_AGGRESSIVE;
				CLANG_CXX_LANGUAGE_STANDARD = "gnu++14";
				CLANG_CXX_LIBRARY = "libc++";
				CLANG_ENABLE_MODULES = YES;
				CLANG_ENABLE_OBJC_ARC = YES;
				CLANG_WARN_BLOCK_CAPTURE_AUTORELEASING = YES;
				CLANG_WARN_BOOL_CONVERSION = YES;
				CLANG_WARN_COMMA = YES;
				CLANG_WARN_CONSTANT_CONVERSION = YES;
				CLANG_WARN_DEPRECATED_OBJC_IMPLEMENTATIONS = YES;
				CLANG_WARN_DIRECT_OBJC_ISA_USAGE = YES_ERROR;
				CLANG_WARN_DOCUMENTATION_COMMENTS = YES;
				CLANG_WARN_EMPTY_BODY = YES;
				CLANG_WARN_ENUM_CONVERSION = YES;
				CLANG_WARN_INFINITE_RECURSION = YES;
				CLANG_WARN_INT_CONVERSION = YES;
				CLANG_WARN_NON_LITERAL_NULL_CONVERSION = YES;
				CLANG_WARN_OBJC_IMPLICIT_RETAIN_SELF = YES;
				CLANG_WARN_OBJC_LITERAL_CONVERSION = YES;
				CLANG_WARN_OBJC_ROOT_CLASS = YES_ERROR;
				CLANG_WARN_RANGE_LOOP_ANALYSIS = YES;
				CLANG_WARN_STRICT_PROTOTYPES = YES;
				CLANG_WARN_SUSPICIOUS_MOVE = YES;
				CLANG_WARN_UNGUARDED_AVAILABILITY = YES_AGGRESSIVE;
				CLANG_WARN_UNREACHABLE_CODE = YES;
				CLANG_WARN__DUPLICATE_METHOD_MATCH = YES;
				CODE_SIGN_IDENTITY = "iPhone Developer";
				COPY_PHASE_STRIP = NO;
				DEBUG_INFORMATION_FORMAT = "dwarf-with-dsym";
				ENABLE_NS_ASSERTIONS = NO;
				ENABLE_STRICT_OBJC_MSGSEND = YES;
				GCC_C_LANGUAGE_STANDARD = gnu11;
				GCC_NO_COMMON_BLOCKS = YES;
				GCC_WARN_64_TO_32_BIT_CONVERSION = YES;
				GCC_WARN_ABOUT_RETURN_TYPE = YES_ERROR;
				GCC_WARN_UNDECLARED_SELECTOR = YES;
				GCC_WARN_UNINITIALIZED_AUTOS = YES_AGGRESSIVE;
				GCC_WARN_UNUSED_FUNCTION = YES;
				GCC_WARN_UNUSED_VARIABLE = YES;
				IPHONEOS_DEPLOYMENT_TARGET = 11.0;
				MTL_ENABLE_DEBUG_INFO = NO;
				SDKROOT = iphoneos;
				SWIFT_OPTIMIZATION_LEVEL = "-Owholemodule";
				VALIDATE_PRODUCT = YES;
			};
			name = Release;
		};
		A5598C3D201F8C3C000C64F6 /* Debug */ = {
			isa = XCBuildConfiguration;
			baseConfigurationReference = 2470988358F77C3194BB7B7D /* Pods-musicprof.debug.xcconfig */;
			buildSettings = {
				ASSETCATALOG_COMPILER_APPICON_NAME = AppIcon;
				CODE_SIGN_ENTITLEMENTS = musicprof/musicprof.entitlements;
				CODE_SIGN_STYLE = Automatic;
				DEVELOPMENT_TEAM = YYWBH462B4;
				FRAMEWORK_SEARCH_PATHS = (
					"$(inherited)",
					"$(PROJECT_DIR)/musicprof",
				);
				INFOPLIST_FILE = musicprof/Info.plist;
				IPHONEOS_DEPLOYMENT_TARGET = 10.3;
				LD_RUNPATH_SEARCH_PATHS = "$(inherited) @executable_path/Frameworks";
				PRODUCT_BUNDLE_IDENTIFIER = com.mx.musicprof;
				PRODUCT_NAME = "$(TARGET_NAME)";
				SWIFT_VERSION = 4.0;
				TARGETED_DEVICE_FAMILY = 1;
			};
			name = Debug;
		};
		A5598C3E201F8C3C000C64F6 /* Release */ = {
			isa = XCBuildConfiguration;
			baseConfigurationReference = 67621E9938D7DBC743F68D1A /* Pods-musicprof.release.xcconfig */;
			buildSettings = {
				ASSETCATALOG_COMPILER_APPICON_NAME = AppIcon;
				CODE_SIGN_ENTITLEMENTS = musicprof/musicprof.entitlements;
				CODE_SIGN_STYLE = Automatic;
				DEVELOPMENT_TEAM = YYWBH462B4;
				FRAMEWORK_SEARCH_PATHS = (
					"$(inherited)",
					"$(PROJECT_DIR)/musicprof",
				);
				INFOPLIST_FILE = musicprof/Info.plist;
				IPHONEOS_DEPLOYMENT_TARGET = 10.3;
				LD_RUNPATH_SEARCH_PATHS = "$(inherited) @executable_path/Frameworks";
				PRODUCT_BUNDLE_IDENTIFIER = com.mx.musicprof;
				PRODUCT_NAME = "$(TARGET_NAME)";
				SWIFT_VERSION = 4.0;
				TARGETED_DEVICE_FAMILY = 1;
			};
			name = Release;
		};
		A5598C40201F8C3C000C64F6 /* Debug */ = {
			isa = XCBuildConfiguration;
			baseConfigurationReference = D86ACBF90E826131BAF27404 /* Pods-musicprofTests.debug.xcconfig */;
			buildSettings = {
				ALWAYS_EMBED_SWIFT_STANDARD_LIBRARIES = YES;
				BUNDLE_LOADER = "$(TEST_HOST)";
				CODE_SIGN_STYLE = Automatic;
				INFOPLIST_FILE = musicprofTests/Info.plist;
				LD_RUNPATH_SEARCH_PATHS = "$(inherited) @executable_path/Frameworks @loader_path/Frameworks";
				PRODUCT_BUNDLE_IDENTIFIER = com.softok2.musicprof.musicprofTests;
				PRODUCT_NAME = "$(TARGET_NAME)";
				SWIFT_VERSION = 4.0;
				TARGETED_DEVICE_FAMILY = "1,2";
				TEST_HOST = "$(BUILT_PRODUCTS_DIR)/musicprof.app/musicprof";
			};
			name = Debug;
		};
		A5598C41201F8C3C000C64F6 /* Release */ = {
			isa = XCBuildConfiguration;
			baseConfigurationReference = 59E632D18A7D18233FF1FA7A /* Pods-musicprofTests.release.xcconfig */;
			buildSettings = {
				ALWAYS_EMBED_SWIFT_STANDARD_LIBRARIES = YES;
				BUNDLE_LOADER = "$(TEST_HOST)";
				CODE_SIGN_STYLE = Automatic;
				INFOPLIST_FILE = musicprofTests/Info.plist;
				LD_RUNPATH_SEARCH_PATHS = "$(inherited) @executable_path/Frameworks @loader_path/Frameworks";
				PRODUCT_BUNDLE_IDENTIFIER = com.softok2.musicprof.musicprofTests;
				PRODUCT_NAME = "$(TARGET_NAME)";
				SWIFT_VERSION = 4.0;
				TARGETED_DEVICE_FAMILY = "1,2";
				TEST_HOST = "$(BUILT_PRODUCTS_DIR)/musicprof.app/musicprof";
			};
			name = Release;
		};
		A5598C43201F8C3C000C64F6 /* Debug */ = {
			isa = XCBuildConfiguration;
			baseConfigurationReference = 93D0A0454B07824111570E98 /* Pods-musicprofUITests.debug.xcconfig */;
			buildSettings = {
				ALWAYS_EMBED_SWIFT_STANDARD_LIBRARIES = YES;
				CODE_SIGN_STYLE = Automatic;
				INFOPLIST_FILE = musicprofUITests/Info.plist;
				LD_RUNPATH_SEARCH_PATHS = "$(inherited) @executable_path/Frameworks @loader_path/Frameworks";
				PRODUCT_BUNDLE_IDENTIFIER = com.softok2.musicprof.musicprofUITests;
				PRODUCT_NAME = "$(TARGET_NAME)";
				SWIFT_VERSION = 4.0;
				TARGETED_DEVICE_FAMILY = "1,2";
				TEST_TARGET_NAME = musicprof;
			};
			name = Debug;
		};
		A5598C44201F8C3C000C64F6 /* Release */ = {
			isa = XCBuildConfiguration;
			baseConfigurationReference = 68822876B39CA5EAA292D999 /* Pods-musicprofUITests.release.xcconfig */;
			buildSettings = {
				ALWAYS_EMBED_SWIFT_STANDARD_LIBRARIES = YES;
				CODE_SIGN_STYLE = Automatic;
				INFOPLIST_FILE = musicprofUITests/Info.plist;
				LD_RUNPATH_SEARCH_PATHS = "$(inherited) @executable_path/Frameworks @loader_path/Frameworks";
				PRODUCT_BUNDLE_IDENTIFIER = com.softok2.musicprof.musicprofUITests;
				PRODUCT_NAME = "$(TARGET_NAME)";
				SWIFT_VERSION = 4.0;
				TARGETED_DEVICE_FAMILY = "1,2";
				TEST_TARGET_NAME = musicprof;
			};
			name = Release;
		};
/* End XCBuildConfiguration section */

/* Begin XCConfigurationList section */
		A5598C0F201F8C3B000C64F6 /* Build configuration list for PBXProject "musicprof" */ = {
			isa = XCConfigurationList;
			buildConfigurations = (
				A5598C3A201F8C3C000C64F6 /* Debug */,
				A5598C3B201F8C3C000C64F6 /* Release */,
			);
			defaultConfigurationIsVisible = 0;
			defaultConfigurationName = Release;
		};
		A5598C3C201F8C3C000C64F6 /* Build configuration list for PBXNativeTarget "musicprof" */ = {
			isa = XCConfigurationList;
			buildConfigurations = (
				A5598C3D201F8C3C000C64F6 /* Debug */,
				A5598C3E201F8C3C000C64F6 /* Release */,
			);
			defaultConfigurationIsVisible = 0;
			defaultConfigurationName = Release;
		};
		A5598C3F201F8C3C000C64F6 /* Build configuration list for PBXNativeTarget "musicprofTests" */ = {
			isa = XCConfigurationList;
			buildConfigurations = (
				A5598C40201F8C3C000C64F6 /* Debug */,
				A5598C41201F8C3C000C64F6 /* Release */,
			);
			defaultConfigurationIsVisible = 0;
			defaultConfigurationName = Release;
		};
		A5598C42201F8C3C000C64F6 /* Build configuration list for PBXNativeTarget "musicprofUITests" */ = {
			isa = XCConfigurationList;
			buildConfigurations = (
				A5598C43201F8C3C000C64F6 /* Debug */,
				A5598C44201F8C3C000C64F6 /* Release */,
			);
			defaultConfigurationIsVisible = 0;
			defaultConfigurationName = Release;
		};
/* End XCConfigurationList section */
	};
	rootObject = A5598C0C201F8C3B000C64F6 /* Project object */;
}
